// !$*UTF8*$!
{
	archiveVersion = 1;
	classes = {
	};
	objectVersion = 55;
	objects = {

/* Begin PBXBuildFile section */
		84B0DBFE278818E600D9ED41 /* AuthenticationServices.framework in Frameworks */ = {isa = PBXBuildFile; fileRef = 84B0DBFD278818E600D9ED41 /* AuthenticationServices.framework */; };
		84D6EA0B278466580063CD9C /* EmergencyNotifierApp.swift in Sources */ = {isa = PBXBuildFile; fileRef = 84D6EA0A278466580063CD9C /* EmergencyNotifierApp.swift */; };
		84D6EA0F278466590063CD9C /* Assets.xcassets in Resources */ = {isa = PBXBuildFile; fileRef = 84D6EA0E278466590063CD9C /* Assets.xcassets */; };
		84D6EA12278466590063CD9C /* Preview Assets.xcassets in Resources */ = {isa = PBXBuildFile; fileRef = 84D6EA11278466590063CD9C /* Preview Assets.xcassets */; };
		84D6EA1C278466590063CD9C /* EmergencyNotifierTests.swift in Sources */ = {isa = PBXBuildFile; fileRef = 84D6EA1B278466590063CD9C /* EmergencyNotifierTests.swift */; };
		84D6EA262784665A0063CD9C /* EmergencyNotifierUITests.swift in Sources */ = {isa = PBXBuildFile; fileRef = 84D6EA252784665A0063CD9C /* EmergencyNotifierUITests.swift */; };
		84D6EA282784665A0063CD9C /* EmergencyNotifierUITestsLaunchTests.swift in Sources */ = {isa = PBXBuildFile; fileRef = 84D6EA272784665A0063CD9C /* EmergencyNotifierUITestsLaunchTests.swift */; };
		84D6EA3C278466AB0063CD9C /* Create Emergency.swift in Sources */ = {isa = PBXBuildFile; fileRef = 84D6EA36278466AB0063CD9C /* Create Emergency.swift */; };
		84D6EA422784670D0063CD9C /* Structs.swift in Sources */ = {isa = PBXBuildFile; fileRef = 84D6EA412784670D0063CD9C /* Structs.swift */; };
		84D6EA492784690B0063CD9C /* Team Head.swift in Sources */ = {isa = PBXBuildFile; fileRef = 84D6EA482784690B0063CD9C /* Team Head.swift */; };
		84D6EA4C278469170063CD9C /* Firefighter.swift in Sources */ = {isa = PBXBuildFile; fileRef = 84D6EA4A278469170063CD9C /* Firefighter.swift */; };
		84D6EA4D278469170063CD9C /* Operational Manager.swift in Sources */ = {isa = PBXBuildFile; fileRef = 84D6EA4B278469170063CD9C /* Operational Manager.swift */; };
		84D6EA4F27846F010063CD9C /* Accounts.swift in Sources */ = {isa = PBXBuildFile; fileRef = 84D6EA4E27846F010063CD9C /* Accounts.swift */; };
		84D6EA51278470F60063CD9C /* Front End Presets.swift in Sources */ = {isa = PBXBuildFile; fileRef = 84D6EA50278470F60063CD9C /* Front End Presets.swift */; };
/* End PBXBuildFile section */

/* Begin PBXContainerItemProxy section */
		84D6EA18278466590063CD9C /* PBXContainerItemProxy */ = {
			isa = PBXContainerItemProxy;
			containerPortal = 84D6E9FF278466580063CD9C /* Project object */;
			proxyType = 1;
			remoteGlobalIDString = 84D6EA06278466580063CD9C;
			remoteInfo = EmergencyNotifier;
		};
		84D6EA222784665A0063CD9C /* PBXContainerItemProxy */ = {
			isa = PBXContainerItemProxy;
			containerPortal = 84D6E9FF278466580063CD9C /* Project object */;
			proxyType = 1;
			remoteGlobalIDString = 84D6EA06278466580063CD9C;
			remoteInfo = EmergencyNotifier;
		};
/* End PBXContainerItemProxy section */

/* Begin PBXFileReference section */
		84B0DBFB278818BF00D9ED41 /* EmergencyNotifier.entitlements */ = {isa = PBXFileReference; lastKnownFileType = text.plist.entitlements; path = EmergencyNotifier.entitlements; sourceTree = "<group>"; };
		84B0DBFD278818E600D9ED41 /* AuthenticationServices.framework */ = {isa = PBXFileReference; lastKnownFileType = wrapper.framework; name = AuthenticationServices.framework; path = System/Library/Frameworks/AuthenticationServices.framework; sourceTree = SDKROOT; };
		84D6EA07278466580063CD9C /* EmergencyNotifier.app */ = {isa = PBXFileReference; explicitFileType = wrapper.application; includeInIndex = 0; path = EmergencyNotifier.app; sourceTree = BUILT_PRODUCTS_DIR; };
		84D6EA0A278466580063CD9C /* EmergencyNotifierApp.swift */ = {isa = PBXFileReference; lastKnownFileType = sourcecode.swift; path = EmergencyNotifierApp.swift; sourceTree = "<group>"; };
		84D6EA0E278466590063CD9C /* Assets.xcassets */ = {isa = PBXFileReference; lastKnownFileType = folder.assetcatalog; path = Assets.xcassets; sourceTree = "<group>"; };
		84D6EA11278466590063CD9C /* Preview Assets.xcassets */ = {isa = PBXFileReference; lastKnownFileType = folder.assetcatalog; path = "Preview Assets.xcassets"; sourceTree = "<group>"; };
		84D6EA17278466590063CD9C /* EmergencyNotifierTests.xctest */ = {isa = PBXFileReference; explicitFileType = wrapper.cfbundle; includeInIndex = 0; path = EmergencyNotifierTests.xctest; sourceTree = BUILT_PRODUCTS_DIR; };
		84D6EA1B278466590063CD9C /* EmergencyNotifierTests.swift */ = {isa = PBXFileReference; lastKnownFileType = sourcecode.swift; path = EmergencyNotifierTests.swift; sourceTree = "<group>"; };
		84D6EA212784665A0063CD9C /* EmergencyNotifierUITests.xctest */ = {isa = PBXFileReference; explicitFileType = wrapper.cfbundle; includeInIndex = 0; path = EmergencyNotifierUITests.xctest; sourceTree = BUILT_PRODUCTS_DIR; };
		84D6EA252784665A0063CD9C /* EmergencyNotifierUITests.swift */ = {isa = PBXFileReference; lastKnownFileType = sourcecode.swift; path = EmergencyNotifierUITests.swift; sourceTree = "<group>"; };
		84D6EA272784665A0063CD9C /* EmergencyNotifierUITestsLaunchTests.swift */ = {isa = PBXFileReference; lastKnownFileType = sourcecode.swift; path = EmergencyNotifierUITestsLaunchTests.swift; sourceTree = "<group>"; };
		84D6EA36278466AB0063CD9C /* Create Emergency.swift */ = {isa = PBXFileReference; fileEncoding = 4; lastKnownFileType = sourcecode.swift; path = "Create Emergency.swift"; sourceTree = "<group>"; };
		84D6EA412784670D0063CD9C /* Structs.swift */ = {isa = PBXFileReference; fileEncoding = 4; lastKnownFileType = sourcecode.swift; path = Structs.swift; sourceTree = "<group>"; };
		84D6EA482784690B0063CD9C /* Team Head.swift */ = {isa = PBXFileReference; fileEncoding = 4; lastKnownFileType = sourcecode.swift; path = "Team Head.swift"; sourceTree = "<group>"; };
		84D6EA4A278469170063CD9C /* Firefighter.swift */ = {isa = PBXFileReference; fileEncoding = 4; lastKnownFileType = sourcecode.swift; path = Firefighter.swift; sourceTree = "<group>"; };
		84D6EA4B278469170063CD9C /* Operational Manager.swift */ = {isa = PBXFileReference; fileEncoding = 4; lastKnownFileType = sourcecode.swift; path = "Operational Manager.swift"; sourceTree = "<group>"; };
		84D6EA4E27846F010063CD9C /* Accounts.swift */ = {isa = PBXFileReference; lastKnownFileType = sourcecode.swift; path = Accounts.swift; sourceTree = "<group>"; };
		84D6EA50278470F60063CD9C /* Front End Presets.swift */ = {isa = PBXFileReference; lastKnownFileType = sourcecode.swift; path = "Front End Presets.swift"; sourceTree = "<group>"; };
/* End PBXFileReference section */

/* Begin PBXFrameworksBuildPhase section */
		84D6EA04278466580063CD9C /* Frameworks */ = {
			isa = PBXFrameworksBuildPhase;
			buildActionMask = 2147483647;
			files = (
				84B0DBFE278818E600D9ED41 /* AuthenticationServices.framework in Frameworks */,
			);
			runOnlyForDeploymentPostprocessing = 0;
		};
		84D6EA14278466590063CD9C /* Frameworks */ = {
			isa = PBXFrameworksBuildPhase;
			buildActionMask = 2147483647;
			files = (
			);
			runOnlyForDeploymentPostprocessing = 0;
		};
		84D6EA1E2784665A0063CD9C /* Frameworks */ = {
			isa = PBXFrameworksBuildPhase;
			buildActionMask = 2147483647;
			files = (
			);
			runOnlyForDeploymentPostprocessing = 0;
		};
/* End PBXFrameworksBuildPhase section */

/* Begin PBXGroup section */
		84B0DBFC278818E600D9ED41 /* Frameworks */ = {
			isa = PBXGroup;
			children = (
				84B0DBFD278818E600D9ED41 /* AuthenticationServices.framework */,
			);
			name = Frameworks;
			sourceTree = "<group>";
		};
		84D6E9FE278466580063CD9C = {
			isa = PBXGroup;
			children = (
				84D6EA09278466580063CD9C /* EmergencyNotifier */,
				84D6EA0E278466590063CD9C /* Assets.xcassets */,
				84D6EA0A278466580063CD9C /* EmergencyNotifierApp.swift */,
				84D6EA1A278466590063CD9C /* EmergencyNotifierTests */,
				84D6EA242784665A0063CD9C /* EmergencyNotifierUITests */,
				84D6EA08278466580063CD9C /* Products */,
				84B0DBFC278818E600D9ED41 /* Frameworks */,
			);
			sourceTree = "<group>";
		};
		84D6EA08278466580063CD9C /* Products */ = {
			isa = PBXGroup;
			children = (
				84D6EA07278466580063CD9C /* EmergencyNotifier.app */,
				84D6EA17278466590063CD9C /* EmergencyNotifierTests.xctest */,
				84D6EA212784665A0063CD9C /* EmergencyNotifierUITests.xctest */,
			);
			name = Products;
			sourceTree = "<group>";
		};
		84D6EA09278466580063CD9C /* EmergencyNotifier */ = {
			isa = PBXGroup;
			children = (
				84B0DBFB278818BF00D9ED41 /* EmergencyNotifier.entitlements */,
				84D6EA342784667B0063CD9C /* Main Pages */,
				84D6EA44278467B80063CD9C /* BackEnd */,
				84D6EA43278467AF0063CD9C /* Side Pages */,
				84D6EA10278466590063CD9C /* Preview Content */,
			);
			path = EmergencyNotifier;
			sourceTree = "<group>";
		};
		84D6EA10278466590063CD9C /* Preview Content */ = {
			isa = PBXGroup;
			children = (
				84D6EA11278466590063CD9C /* Preview Assets.xcassets */,
			);
			path = "Preview Content";
			sourceTree = "<group>";
		};
		84D6EA1A278466590063CD9C /* EmergencyNotifierTests */ = {
			isa = PBXGroup;
			children = (
				84D6EA1B278466590063CD9C /* EmergencyNotifierTests.swift */,
			);
			path = EmergencyNotifierTests;
			sourceTree = "<group>";
		};
		84D6EA242784665A0063CD9C /* EmergencyNotifierUITests */ = {
			isa = PBXGroup;
			children = (
				84D6EA252784665A0063CD9C /* EmergencyNotifierUITests.swift */,
				84D6EA272784665A0063CD9C /* EmergencyNotifierUITestsLaunchTests.swift */,
			);
			path = EmergencyNotifierUITests;
			sourceTree = "<group>";
		};
		84D6EA342784667B0063CD9C /* Main Pages */ = {
			isa = PBXGroup;
			children = (
				84D6EA4A278469170063CD9C /* Firefighter.swift */,
				84D6EA482784690B0063CD9C /* Team Head.swift */,
				84D6EA4B278469170063CD9C /* Operational Manager.swift */,
			);
			name = "Main Pages";
			sourceTree = "<group>";
		};
		84D6EA43278467AF0063CD9C /* Side Pages */ = {
			isa = PBXGroup;
			children = (
				84D6EA36278466AB0063CD9C /* Create Emergency.swift */,
				84D6EA4E27846F010063CD9C /* Accounts.swift */,
				84D6EA50278470F60063CD9C /* Front End Presets.swift */,
			);
			name = "Side Pages";
			sourceTree = "<group>";
		};
		84D6EA44278467B80063CD9C /* BackEnd */ = {
			isa = PBXGroup;
			children = (
				84D6EA412784670D0063CD9C /* Structs.swift */,
			);
			path = BackEnd;
			sourceTree = "<group>";
		};
/* End PBXGroup section */

/* Begin PBXNativeTarget section */
		84D6EA06278466580063CD9C /* EmergencyNotifier */ = {
			isa = PBXNativeTarget;
			buildConfigurationList = 84D6EA2B2784665A0063CD9C /* Build configuration list for PBXNativeTarget "EmergencyNotifier" */;
			buildPhases = (
				84D6EA03278466580063CD9C /* Sources */,
				84D6EA04278466580063CD9C /* Frameworks */,
				84D6EA05278466580063CD9C /* Resources */,
			);
			buildRules = (
			);
			dependencies = (
			);
			name = EmergencyNotifier;
			productName = EmergencyNotifier;
			productReference = 84D6EA07278466580063CD9C /* EmergencyNotifier.app */;
			productType = "com.apple.product-type.application";
		};
		84D6EA16278466590063CD9C /* EmergencyNotifierTests */ = {
			isa = PBXNativeTarget;
			buildConfigurationList = 84D6EA2E2784665A0063CD9C /* Build configuration list for PBXNativeTarget "EmergencyNotifierTests" */;
			buildPhases = (
				84D6EA13278466590063CD9C /* Sources */,
				84D6EA14278466590063CD9C /* Frameworks */,
				84D6EA15278466590063CD9C /* Resources */,
			);
			buildRules = (
			);
			dependencies = (
				84D6EA19278466590063CD9C /* PBXTargetDependency */,
			);
			name = EmergencyNotifierTests;
			productName = EmergencyNotifierTests;
			productReference = 84D6EA17278466590063CD9C /* EmergencyNotifierTests.xctest */;
			productType = "com.apple.product-type.bundle.unit-test";
		};
		84D6EA202784665A0063CD9C /* EmergencyNotifierUITests */ = {
			isa = PBXNativeTarget;
			buildConfigurationList = 84D6EA312784665A0063CD9C /* Build configuration list for PBXNativeTarget "EmergencyNotifierUITests" */;
			buildPhases = (
				84D6EA1D2784665A0063CD9C /* Sources */,
				84D6EA1E2784665A0063CD9C /* Frameworks */,
				84D6EA1F2784665A0063CD9C /* Resources */,
			);
			buildRules = (
			);
			dependencies = (
				84D6EA232784665A0063CD9C /* PBXTargetDependency */,
			);
			name = EmergencyNotifierUITests;
			productName = EmergencyNotifierUITests;
			productReference = 84D6EA212784665A0063CD9C /* EmergencyNotifierUITests.xctest */;
			productType = "com.apple.product-type.bundle.ui-testing";
		};
/* End PBXNativeTarget section */

/* Begin PBXProject section */
		84D6E9FF278466580063CD9C /* Project object */ = {
			isa = PBXProject;
			attributes = {
				BuildIndependentTargetsInParallel = 1;
				LastSwiftUpdateCheck = 1320;
				LastUpgradeCheck = 1320;
				TargetAttributes = {
					84D6EA06278466580063CD9C = {
						CreatedOnToolsVersion = 13.2.1;
					};
					84D6EA16278466590063CD9C = {
						CreatedOnToolsVersion = 13.2.1;
						TestTargetID = 84D6EA06278466580063CD9C;
					};
					84D6EA202784665A0063CD9C = {
						CreatedOnToolsVersion = 13.2.1;
						TestTargetID = 84D6EA06278466580063CD9C;
					};
				};
			};
			buildConfigurationList = 84D6EA02278466580063CD9C /* Build configuration list for PBXProject "EmergencyNotifier" */;
			compatibilityVersion = "Xcode 13.0";
			developmentRegion = en;
			hasScannedForEncodings = 0;
			knownRegions = (
				en,
				Base,
			);
			mainGroup = 84D6E9FE278466580063CD9C;
			productRefGroup = 84D6EA08278466580063CD9C /* Products */;
			projectDirPath = "";
			projectRoot = "";
			targets = (
				84D6EA06278466580063CD9C /* EmergencyNotifier */,
				84D6EA16278466590063CD9C /* EmergencyNotifierTests */,
				84D6EA202784665A0063CD9C /* EmergencyNotifierUITests */,
			);
		};
/* End PBXProject section */

/* Begin PBXResourcesBuildPhase section */
		84D6EA05278466580063CD9C /* Resources */ = {
			isa = PBXResourcesBuildPhase;
			buildActionMask = 2147483647;
			files = (
				84D6EA12278466590063CD9C /* Preview Assets.xcassets in Resources */,
				84D6EA0F278466590063CD9C /* Assets.xcassets in Resources */,
			);
			runOnlyForDeploymentPostprocessing = 0;
		};
		84D6EA15278466590063CD9C /* Resources */ = {
			isa = PBXResourcesBuildPhase;
			buildActionMask = 2147483647;
			files = (
			);
			runOnlyForDeploymentPostprocessing = 0;
		};
		84D6EA1F2784665A0063CD9C /* Resources */ = {
			isa = PBXResourcesBuildPhase;
			buildActionMask = 2147483647;
			files = (
			);
			runOnlyForDeploymentPostprocessing = 0;
		};
/* End PBXResourcesBuildPhase section */

/* Begin PBXSourcesBuildPhase section */
		84D6EA03278466580063CD9C /* Sources */ = {
			isa = PBXSourcesBuildPhase;
			buildActionMask = 2147483647;
			files = (
				84D6EA51278470F60063CD9C /* Front End Presets.swift in Sources */,
				84D6EA4F27846F010063CD9C /* Accounts.swift in Sources */,
				84D6EA422784670D0063CD9C /* Structs.swift in Sources */,
				84D6EA3C278466AB0063CD9C /* Create Emergency.swift in Sources */,
				84D6EA4C278469170063CD9C /* Firefighter.swift in Sources */,
				84D6EA492784690B0063CD9C /* Team Head.swift in Sources */,
				84D6EA4D278469170063CD9C /* Operational Manager.swift in Sources */,
				84D6EA0B278466580063CD9C /* EmergencyNotifierApp.swift in Sources */,
			);
			runOnlyForDeploymentPostprocessing = 0;
		};
		84D6EA13278466590063CD9C /* Sources */ = {
			isa = PBXSourcesBuildPhase;
			buildActionMask = 2147483647;
			files = (
				84D6EA1C278466590063CD9C /* EmergencyNotifierTests.swift in Sources */,
			);
			runOnlyForDeploymentPostprocessing = 0;
		};
		84D6EA1D2784665A0063CD9C /* Sources */ = {
			isa = PBXSourcesBuildPhase;
			buildActionMask = 2147483647;
			files = (
				84D6EA282784665A0063CD9C /* EmergencyNotifierUITestsLaunchTests.swift in Sources */,
				84D6EA262784665A0063CD9C /* EmergencyNotifierUITests.swift in Sources */,
			);
			runOnlyForDeploymentPostprocessing = 0;
		};
/* End PBXSourcesBuildPhase section */

/* Begin PBXTargetDependency section */
		84D6EA19278466590063CD9C /* PBXTargetDependency */ = {
			isa = PBXTargetDependency;
			target = 84D6EA06278466580063CD9C /* EmergencyNotifier */;
			targetProxy = 84D6EA18278466590063CD9C /* PBXContainerItemProxy */;
		};
		84D6EA232784665A0063CD9C /* PBXTargetDependency */ = {
			isa = PBXTargetDependency;
			target = 84D6EA06278466580063CD9C /* EmergencyNotifier */;
			targetProxy = 84D6EA222784665A0063CD9C /* PBXContainerItemProxy */;
		};
/* End PBXTargetDependency section */

/* Begin XCBuildConfiguration section */
		84D6EA292784665A0063CD9C /* Debug */ = {
			isa = XCBuildConfiguration;
			buildSettings = {
				ALWAYS_SEARCH_USER_PATHS = NO;
				CLANG_ANALYZER_NONNULL = YES;
				CLANG_ANALYZER_NUMBER_OBJECT_CONVERSION = YES_AGGRESSIVE;
				CLANG_CXX_LANGUAGE_STANDARD = "gnu++17";
				CLANG_CXX_LIBRARY = "libc++";
				CLANG_ENABLE_MODULES = YES;
				CLANG_ENABLE_OBJC_ARC = YES;
				CLANG_ENABLE_OBJC_WEAK = YES;
				CLANG_WARN_BLOCK_CAPTURE_AUTORELEASING = YES;
				CLANG_WARN_BOOL_CONVERSION = YES;
				CLANG_WARN_COMMA = YES;
				CLANG_WARN_CONSTANT_CONVERSION = YES;
				CLANG_WARN_DEPRECATED_OBJC_IMPLEMENTATIONS = YES;
				CLANG_WARN_DIRECT_OBJC_ISA_USAGE = YES_ERROR;
				CLANG_WARN_DOCUMENTATION_COMMENTS = YES;
				CLANG_WARN_EMPTY_BODY = YES;
				CLANG_WARN_ENUM_CONVERSION = YES;
				CLANG_WARN_INFINITE_RECURSION = YES;
				CLANG_WARN_INT_CONVERSION = YES;
				CLANG_WARN_NON_LITERAL_NULL_CONVERSION = YES;
				CLANG_WARN_OBJC_IMPLICIT_RETAIN_SELF = YES;
				CLANG_WARN_OBJC_LITERAL_CONVERSION = YES;
				CLANG_WARN_OBJC_ROOT_CLASS = YES_ERROR;
				CLANG_WARN_QUOTED_INCLUDE_IN_FRAMEWORK_HEADER = YES;
				CLANG_WARN_RANGE_LOOP_ANALYSIS = YES;
				CLANG_WARN_STRICT_PROTOTYPES = YES;
				CLANG_WARN_SUSPICIOUS_MOVE = YES;
				CLANG_WARN_UNGUARDED_AVAILABILITY = YES_AGGRESSIVE;
				CLANG_WARN_UNREACHABLE_CODE = YES;
				CLANG_WARN__DUPLICATE_METHOD_MATCH = YES;
				COPY_PHASE_STRIP = NO;
				DEBUG_INFORMATION_FORMAT = dwarf;
				ENABLE_STRICT_OBJC_MSGSEND = YES;
				ENABLE_TESTABILITY = YES;
				GCC_C_LANGUAGE_STANDARD = gnu11;
				GCC_DYNAMIC_NO_PIC = NO;
				GCC_NO_COMMON_BLOCKS = YES;
				GCC_OPTIMIZATION_LEVEL = 0;
				GCC_PREPROCESSOR_DEFINITIONS = (
					"DEBUG=1",
					"$(inherited)",
				);
				GCC_WARN_64_TO_32_BIT_CONVERSION = YES;
				GCC_WARN_ABOUT_RETURN_TYPE = YES_ERROR;
				GCC_WARN_UNDECLARED_SELECTOR = YES;
				GCC_WARN_UNINITIALIZED_AUTOS = YES_AGGRESSIVE;
				GCC_WARN_UNUSED_FUNCTION = YES;
				GCC_WARN_UNUSED_VARIABLE = YES;
				IPHONEOS_DEPLOYMENT_TARGET = 15.2;
				MTL_ENABLE_DEBUG_INFO = INCLUDE_SOURCE;
				MTL_FAST_MATH = YES;
				ONLY_ACTIVE_ARCH = YES;
				SDKROOT = iphoneos;
				SWIFT_ACTIVE_COMPILATION_CONDITIONS = DEBUG;
				SWIFT_OPTIMIZATION_LEVEL = "-Onone";
			};
			name = Debug;
		};
		84D6EA2A2784665A0063CD9C /* Release */ = {
			isa = XCBuildConfiguration;
			buildSettings = {
				ALWAYS_SEARCH_USER_PATHS = NO;
				CLANG_ANALYZER_NONNULL = YES;
				CLANG_ANALYZER_NUMBER_OBJECT_CONVERSION = YES_AGGRESSIVE;
				CLANG_CXX_LANGUAGE_STANDARD = "gnu++17";
				CLANG_CXX_LIBRARY = "libc++";
				CLANG_ENABLE_MODULES = YES;
				CLANG_ENABLE_OBJC_ARC = YES;
				CLANG_ENABLE_OBJC_WEAK = YES;
				CLANG_WARN_BLOCK_CAPTURE_AUTORELEASING = YES;
				CLANG_WARN_BOOL_CONVERSION = YES;
				CLANG_WARN_COMMA = YES;
				CLANG_WARN_CONSTANT_CONVERSION = YES;
				CLANG_WARN_DEPRECATED_OBJC_IMPLEMENTATIONS = YES;
				CLANG_WARN_DIRECT_OBJC_ISA_USAGE = YES_ERROR;
				CLANG_WARN_DOCUMENTATION_COMMENTS = YES;
				CLANG_WARN_EMPTY_BODY = YES;
				CLANG_WARN_ENUM_CONVERSION = YES;
				CLANG_WARN_INFINITE_RECURSION = YES;
				CLANG_WARN_INT_CONVERSION = YES;
				CLANG_WARN_NON_LITERAL_NULL_CONVERSION = YES;
				CLANG_WARN_OBJC_IMPLICIT_RETAIN_SELF = YES;
				CLANG_WARN_OBJC_LITERAL_CONVERSION = YES;
				CLANG_WARN_OBJC_ROOT_CLASS = YES_ERROR;
				CLANG_WARN_QUOTED_INCLUDE_IN_FRAMEWORK_HEADER = YES;
				CLANG_WARN_RANGE_LOOP_ANALYSIS = YES;
				CLANG_WARN_STRICT_PROTOTYPES = YES;
				CLANG_WARN_SUSPICIOUS_MOVE = YES;
				CLANG_WARN_UNGUARDED_AVAILABILITY = YES_AGGRESSIVE;
				CLANG_WARN_UNREACHABLE_CODE = YES;
				CLANG_WARN__DUPLICATE_METHOD_MATCH = YES;
				COPY_PHASE_STRIP = NO;
				DEBUG_INFORMATION_FORMAT = "dwarf-with-dsym";
				ENABLE_NS_ASSERTIONS = NO;
				ENABLE_STRICT_OBJC_MSGSEND = YES;
				GCC_C_LANGUAGE_STANDARD = gnu11;
				GCC_NO_COMMON_BLOCKS = YES;
				GCC_WARN_64_TO_32_BIT_CONVERSION = YES;
				GCC_WARN_ABOUT_RETURN_TYPE = YES_ERROR;
				GCC_WARN_UNDECLARED_SELECTOR = YES;
				GCC_WARN_UNINITIALIZED_AUTOS = YES_AGGRESSIVE;
				GCC_WARN_UNUSED_FUNCTION = YES;
				GCC_WARN_UNUSED_VARIABLE = YES;
				IPHONEOS_DEPLOYMENT_TARGET = 15.2;
				MTL_ENABLE_DEBUG_INFO = NO;
				MTL_FAST_MATH = YES;
				SDKROOT = iphoneos;
				SWIFT_COMPILATION_MODE = wholemodule;
				SWIFT_OPTIMIZATION_LEVEL = "-O";
				VALIDATE_PRODUCT = YES;
			};
			name = Release;
		};
		84D6EA2C2784665A0063CD9C /* Debug */ = {
			isa = XCBuildConfiguration;
			buildSettings = {
				ASSETCATALOG_COMPILER_APPICON_NAME = AppIcon;
				ASSETCATALOG_COMPILER_GLOBAL_ACCENT_COLOR_NAME = AccentColor;
				CODE_SIGN_ENTITLEMENTS = EmergencyNotifier/EmergencyNotifier.entitlements;
				CODE_SIGN_STYLE = Automatic;
				CURRENT_PROJECT_VERSION = 1;
				DEVELOPMENT_ASSET_PATHS = "\"EmergencyNotifier/Preview Content\"";
				DEVELOPMENT_TEAM = JJ82Q457Z9;
				ENABLE_PREVIEWS = YES;
				GENERATE_INFOPLIST_FILE = YES;
				INFOPLIST_KEY_UIApplicationSceneManifest_Generation = YES;
				INFOPLIST_KEY_UIApplicationSupportsIndirectInputEvents = YES;
				INFOPLIST_KEY_UILaunchScreen_Generation = YES;
				INFOPLIST_KEY_UISupportedInterfaceOrientations_iPad = "UIInterfaceOrientationPortrait UIInterfaceOrientationPortraitUpsideDown UIInterfaceOrientationLandscapeLeft UIInterfaceOrientationLandscapeRight";
				INFOPLIST_KEY_UISupportedInterfaceOrientations_iPhone = "UIInterfaceOrientationPortrait UIInterfaceOrientationLandscapeLeft UIInterfaceOrientationLandscapeRight";
				IPHONEOS_DEPLOYMENT_TARGET = 15.0;
				LD_RUNPATH_SEARCH_PATHS = (
					"$(inherited)",
					"@executable_path/Frameworks",
				);
				MARKETING_VERSION = 1.0;
				PRODUCT_BUNDLE_IDENTIFIER = com.Adnan.EmergencyNotifier;
				PRODUCT_NAME = "$(TARGET_NAME)";
				SWIFT_EMIT_LOC_STRINGS = YES;
				SWIFT_VERSION = 5.0;
				TARGETED_DEVICE_FAMILY = "1,2";
			};
			name = Debug;
		};
		84D6EA2D2784665A0063CD9C /* Release */ = {
			isa = XCBuildConfiguration;
			buildSettings = {
				ASSETCATALOG_COMPILER_APPICON_NAME = AppIcon;
				ASSETCATALOG_COMPILER_GLOBAL_ACCENT_COLOR_NAME = AccentColor;
				CODE_SIGN_ENTITLEMENTS = EmergencyNotifier/EmergencyNotifier.entitlements;
				CODE_SIGN_STYLE = Automatic;
				CURRENT_PROJECT_VERSION = 1;
				DEVELOPMENT_ASSET_PATHS = "\"EmergencyNotifier/Preview Content\"";
				DEVELOPMENT_TEAM = JJ82Q457Z9;
				ENABLE_PREVIEWS = YES;
				GENERATE_INFOPLIST_FILE = YES;
				INFOPLIST_KEY_UIApplicationSceneManifest_Generation = YES;
				INFOPLIST_KEY_UIApplicationSupportsIndirectInputEvents = YES;
				INFOPLIST_KEY_UILaunchScreen_Generation = YES;
				INFOPLIST_KEY_UISupportedInterfaceOrientations_iPad = "UIInterfaceOrientationPortrait UIInterfaceOrientationPortraitUpsideDown UIInterfaceOrientationLandscapeLeft UIInterfaceOrientationLandscapeRight";
				INFOPLIST_KEY_UISupportedInterfaceOrientations_iPhone = "UIInterfaceOrientationPortrait UIInterfaceOrientationLandscapeLeft UIInterfaceOrientationLandscapeRight";
				IPHONEOS_DEPLOYMENT_TARGET = 15.0;
				LD_RUNPATH_SEARCH_PATHS = (
					"$(inherited)",
					"@executable_path/Frameworks",
				);
				MARKETING_VERSION = 1.0;
				PRODUCT_BUNDLE_IDENTIFIER = com.Adnan.EmergencyNotifier;
				PRODUCT_NAME = "$(TARGET_NAME)";
				SWIFT_EMIT_LOC_STRINGS = YES;
				SWIFT_VERSION = 5.0;
				TARGETED_DEVICE_FAMILY = "1,2";
			};
			name = Release;
		};
		84D6EA2F2784665A0063CD9C /* Debug */ = {
			isa = XCBuildConfiguration;
			buildSettings = {
				ALWAYS_EMBED_SWIFT_STANDARD_LIBRARIES = YES;
				BUNDLE_LOADER = "$(TEST_HOST)";
				CODE_SIGN_STYLE = Automatic;
				CURRENT_PROJECT_VERSION = 1;
				DEVELOPMENT_TEAM = JJ82Q457Z9;
				GENERATE_INFOPLIST_FILE = YES;
				IPHONEOS_DEPLOYMENT_TARGET = 15.2;
				MARKETING_VERSION = 1.0;
				PRODUCT_BUNDLE_IDENTIFIER = com.Adnan.EmergencyNotifierTests;
				PRODUCT_NAME = "$(TARGET_NAME)";
				SWIFT_EMIT_LOC_STRINGS = NO;
				SWIFT_VERSION = 5.0;
				TARGETED_DEVICE_FAMILY = "1,2";
				TEST_HOST = "$(BUILT_PRODUCTS_DIR)/EmergencyNotifier.app/EmergencyNotifier";
			};
			name = Debug;
		};
		84D6EA302784665A0063CD9C /* Release */ = {
			isa = XCBuildConfiguration;
			buildSettings = {
				ALWAYS_EMBED_SWIFT_STANDARD_LIBRARIES = YES;
				BUNDLE_LOADER = "$(TEST_HOST)";
				CODE_SIGN_STYLE = Automatic;
				CURRENT_PROJECT_VERSION = 1;
				DEVELOPMENT_TEAM = JJ82Q457Z9;
				GENERATE_INFOPLIST_FILE = YES;
				IPHONEOS_DEPLOYMENT_TARGET = 15.2;
				MARKETING_VERSION = 1.0;
				PRODUCT_BUNDLE_IDENTIFIER = com.Adnan.EmergencyNotifierTests;
				PRODUCT_NAME = "$(TARGET_NAME)";
				SWIFT_EMIT_LOC_STRINGS = NO;
				SWIFT_VERSION = 5.0;
				TARGETED_DEVICE_FAMILY = "1,2";
				TEST_HOST = "$(BUILT_PRODUCTS_DIR)/EmergencyNotifier.app/EmergencyNotifier";
			};
			name = Release;
		};
		84D6EA322784665A0063CD9C /* Debug */ = {
			isa = XCBuildConfiguration;
			buildSettings = {
				ALWAYS_EMBED_SWIFT_STANDARD_LIBRARIES = YES;
				CODE_SIGN_STYLE = Automatic;
				CURRENT_PROJECT_VERSION = 1;
				DEVELOPMENT_TEAM = JJ82Q457Z9;
				GENERATE_INFOPLIST_FILE = YES;
				MARKETING_VERSION = 1.0;
				PRODUCT_BUNDLE_IDENTIFIER = com.Adnan.EmergencyNotifierUITests;
				PRODUCT_NAME = "$(TARGET_NAME)";
				SWIFT_EMIT_LOC_STRINGS = NO;
				SWIFT_VERSION = 5.0;
				TARGETED_DEVICE_FAMILY = "1,2";
				TEST_TARGET_NAME = EmergencyNotifier;
			};
			name = Debug;
		};
		84D6EA332784665A0063CD9C /* Release */ = {
			isa = XCBuildConfiguration;
			buildSettings = {
				ALWAYS_EMBED_SWIFT_STANDARD_LIBRARIES = YES;
				CODE_SIGN_STYLE = Automatic;
				CURRENT_PROJECT_VERSION = 1;
				DEVELOPMENT_TEAM = JJ82Q457Z9;
				GENERATE_INFOPLIST_FILE = YES;
				MARKETING_VERSION = 1.0;
				PRODUCT_BUNDLE_IDENTIFIER = com.Adnan.EmergencyNotifierUITests;
				PRODUCT_NAME = "$(TARGET_NAME)";
				SWIFT_EMIT_LOC_STRINGS = NO;
				SWIFT_VERSION = 5.0;
				TARGETED_DEVICE_FAMILY = "1,2";
				TEST_TARGET_NAME = EmergencyNotifier;
			};
			name = Release;
		};
/* End XCBuildConfiguration section */

/* Begin XCConfigurationList section */
		84D6EA02278466580063CD9C /* Build configuration list for PBXProject "EmergencyNotifier" */ = {
			isa = XCConfigurationList;
			buildConfigurations = (
				84D6EA292784665A0063CD9C /* Debug */,
				84D6EA2A2784665A0063CD9C /* Release */,
			);
			defaultConfigurationIsVisible = 0;
			defaultConfigurationName = Release;
		};
		84D6EA2B2784665A0063CD9C /* Build configuration list for PBXNativeTarget "EmergencyNotifier" */ = {
			isa = XCConfigurationList;
			buildConfigurations = (
				84D6EA2C2784665A0063CD9C /* Debug */,
				84D6EA2D2784665A0063CD9C /* Release */,
			);
			defaultConfigurationIsVisible = 0;
			defaultConfigurationName = Release;
		};
		84D6EA2E2784665A0063CD9C /* Build configuration list for PBXNativeTarget "EmergencyNotifierTests" */ = {
			isa = XCConfigurationList;
			buildConfigurations = (
				84D6EA2F2784665A0063CD9C /* Debug */,
				84D6EA302784665A0063CD9C /* Release */,
			);
			defaultConfigurationIsVisible = 0;
			defaultConfigurationName = Release;
		};
		84D6EA312784665A0063CD9C /* Build configuration list for PBXNativeTarget "EmergencyNotifierUITests" */ = {
			isa = XCConfigurationList;
			buildConfigurations = (
				84D6EA322784665A0063CD9C /* Debug */,
				84D6EA332784665A0063CD9C /* Release */,
			);
			defaultConfigurationIsVisible = 0;
			defaultConfigurationName = Release;
		};
/* End XCConfigurationList section */
	};
	rootObject = 84D6E9FF278466580063CD9C /* Project object */;
}
