// !$*UTF8*$!
{
	archiveVersion = 1;
	classes = {
	};
	objectVersion = 55;
	objects = {

/* Begin PBXBuildFile section */
		844D5CC7285FA23D006C7780 /* Functions.swift in Sources */ = {isa = PBXBuildFile; fileRef = 844D5CC5285FA23D006C7780 /* Functions.swift */; };
		844D5CC8285FA23D006C7780 /* Objects.swift in Sources */ = {isa = PBXBuildFile; fileRef = 844D5CC6285FA23D006C7780 /* Objects.swift */; };
		844D5CCD285FA5B2006C7780 /* MapKit.framework in Frameworks */ = {isa = PBXBuildFile; fileRef = 844D5CCC285FA5B2006C7780 /* MapKit.framework */; };
		844D5CCF285FA5C5006C7780 /* AuthenticationServices.framework in Frameworks */ = {isa = PBXBuildFile; fileRef = 844D5CCE285FA5C5006C7780 /* AuthenticationServices.framework */; };
		844D5CD1285FA700006C7780 /* GoogleService-Info.plist in Resources */ = {isa = PBXBuildFile; fileRef = 844D5CD0285FA700006C7780 /* GoogleService-Info.plist */; };
		844D5CDF285FB51E006C7780 /* FirebaseFirestore in Frameworks */ = {isa = PBXBuildFile; productRef = 844D5CDE285FB51E006C7780 /* FirebaseFirestore */; };
		84AD608D28651F6F007EC254 /* Presets.swift in Sources */ = {isa = PBXBuildFile; fileRef = 84AD608228651F6F007EC254 /* Presets.swift */; };
		84AD608E28651F6F007EC254 /* Acc_Management.swift in Sources */ = {isa = PBXBuildFile; fileRef = 84AD608428651F6F007EC254 /* Acc_Management.swift */; };
		84AD608F28651F6F007EC254 /* Emergency.swift in Sources */ = {isa = PBXBuildFile; fileRef = 84AD608528651F6F007EC254 /* Emergency.swift */; };
		84AD609028651F6F007EC254 /* Account.swift in Sources */ = {isa = PBXBuildFile; fileRef = 84AD608628651F6F007EC254 /* Account.swift */; };
		84AD609128651F6F007EC254 /* Supervisor.swift in Sources */ = {isa = PBXBuildFile; fileRef = 84AD608828651F6F007EC254 /* Supervisor.swift */; };
		84AD609228651F6F007EC254 /* FireFighter.swift in Sources */ = {isa = PBXBuildFile; fileRef = 84AD608928651F6F007EC254 /* FireFighter.swift */; };
		84AD609328651F6F007EC254 /* OperatingManager.swift in Sources */ = {isa = PBXBuildFile; fileRef = 84AD608A28651F6F007EC254 /* OperatingManager.swift */; };
		84AD609428651F6F007EC254 /* TeamHead.swift in Sources */ = {isa = PBXBuildFile; fileRef = 84AD608B28651F6F007EC254 /* TeamHead.swift */; };
		84AD609528651F6F007EC254 /* Login_Page.swift in Sources */ = {isa = PBXBuildFile; fileRef = 84AD608C28651F6F007EC254 /* Login_Page.swift */; };
		84E828382859C61000B7CB69 /* Emergency_NotifierApp.swift in Sources */ = {isa = PBXBuildFile; fileRef = 84E828372859C61000B7CB69 /* Emergency_NotifierApp.swift */; };
		84E8283C2859C61300B7CB69 /* Assets.xcassets in Resources */ = {isa = PBXBuildFile; fileRef = 84E8283B2859C61300B7CB69 /* Assets.xcassets */; };
		84E8283F2859C61300B7CB69 /* Preview Assets.xcassets in Resources */ = {isa = PBXBuildFile; fileRef = 84E8283E2859C61300B7CB69 /* Preview Assets.xcassets */; };
		84E828492859C61300B7CB69 /* Emergency_NotifierTests.swift in Sources */ = {isa = PBXBuildFile; fileRef = 84E828482859C61300B7CB69 /* Emergency_NotifierTests.swift */; };
		84E828532859C61300B7CB69 /* Emergency_NotifierUITests.swift in Sources */ = {isa = PBXBuildFile; fileRef = 84E828522859C61300B7CB69 /* Emergency_NotifierUITests.swift */; };
		84E828552859C61300B7CB69 /* Emergency_NotifierUITestsLaunchTests.swift in Sources */ = {isa = PBXBuildFile; fileRef = 84E828542859C61300B7CB69 /* Emergency_NotifierUITestsLaunchTests.swift */; };
/* End PBXBuildFile section */

/* Begin PBXContainerItemProxy section */
		84E828452859C61300B7CB69 /* PBXContainerItemProxy */ = {
			isa = PBXContainerItemProxy;
			containerPortal = 84E8282C2859C61000B7CB69 /* Project object */;
			proxyType = 1;
			remoteGlobalIDString = 84E828332859C61000B7CB69;
			remoteInfo = "Emergency Notifier";
		};
		84E8284F2859C61300B7CB69 /* PBXContainerItemProxy */ = {
			isa = PBXContainerItemProxy;
			containerPortal = 84E8282C2859C61000B7CB69 /* Project object */;
			proxyType = 1;
			remoteGlobalIDString = 84E828332859C61000B7CB69;
			remoteInfo = "Emergency Notifier";
		};
/* End PBXContainerItemProxy section */

/* Begin PBXFileReference section */
		844D5CC5285FA23D006C7780 /* Functions.swift */ = {isa = PBXFileReference; fileEncoding = 4; lastKnownFileType = sourcecode.swift; path = Functions.swift; sourceTree = "<group>"; };
		844D5CC6285FA23D006C7780 /* Objects.swift */ = {isa = PBXFileReference; fileEncoding = 4; lastKnownFileType = sourcecode.swift; path = Objects.swift; sourceTree = "<group>"; };
		844D5CC9285FA5A9006C7780 /* Emergency Notifier.entitlements */ = {isa = PBXFileReference; lastKnownFileType = text.plist.entitlements; path = "Emergency Notifier.entitlements"; sourceTree = "<group>"; };
		844D5CCA285FA5B2006C7780 /* Emergency-Notifier-Info.plist */ = {isa = PBXFileReference; lastKnownFileType = text.plist; path = "Emergency-Notifier-Info.plist"; sourceTree = SOURCE_ROOT; };
		844D5CCC285FA5B2006C7780 /* MapKit.framework */ = {isa = PBXFileReference; lastKnownFileType = wrapper.framework; name = MapKit.framework; path = System/Library/Frameworks/MapKit.framework; sourceTree = SDKROOT; };
		844D5CCE285FA5C5006C7780 /* AuthenticationServices.framework */ = {isa = PBXFileReference; lastKnownFileType = wrapper.framework; name = AuthenticationServices.framework; path = System/Library/Frameworks/AuthenticationServices.framework; sourceTree = SDKROOT; };
		844D5CD0285FA700006C7780 /* GoogleService-Info.plist */ = {isa = PBXFileReference; fileEncoding = 4; lastKnownFileType = text.plist.xml; path = "GoogleService-Info.plist"; sourceTree = "<group>"; };
		84AD608228651F6F007EC254 /* Presets.swift */ = {isa = PBXFileReference; fileEncoding = 4; lastKnownFileType = sourcecode.swift; path = Presets.swift; sourceTree = "<group>"; };
		84AD608428651F6F007EC254 /* Acc_Management.swift */ = {isa = PBXFileReference; fileEncoding = 4; lastKnownFileType = sourcecode.swift; path = Acc_Management.swift; sourceTree = "<group>"; };
		84AD608528651F6F007EC254 /* Emergency.swift */ = {isa = PBXFileReference; fileEncoding = 4; lastKnownFileType = sourcecode.swift; path = Emergency.swift; sourceTree = "<group>"; };
		84AD608628651F6F007EC254 /* Account.swift */ = {isa = PBXFileReference; fileEncoding = 4; lastKnownFileType = sourcecode.swift; path = Account.swift; sourceTree = "<group>"; };
		84AD608828651F6F007EC254 /* Supervisor.swift */ = {isa = PBXFileReference; fileEncoding = 4; lastKnownFileType = sourcecode.swift; path = Supervisor.swift; sourceTree = "<group>"; };
		84AD608928651F6F007EC254 /* FireFighter.swift */ = {isa = PBXFileReference; fileEncoding = 4; lastKnownFileType = sourcecode.swift; path = FireFighter.swift; sourceTree = "<group>"; };
		84AD608A28651F6F007EC254 /* OperatingManager.swift */ = {isa = PBXFileReference; fileEncoding = 4; lastKnownFileType = sourcecode.swift; path = OperatingManager.swift; sourceTree = "<group>"; };
		84AD608B28651F6F007EC254 /* TeamHead.swift */ = {isa = PBXFileReference; fileEncoding = 4; lastKnownFileType = sourcecode.swift; path = TeamHead.swift; sourceTree = "<group>"; };
		84AD608C28651F6F007EC254 /* Login_Page.swift */ = {isa = PBXFileReference; fileEncoding = 4; lastKnownFileType = sourcecode.swift; path = Login_Page.swift; sourceTree = "<group>"; };
		84E828342859C61000B7CB69 /* Emergency Notifier.app */ = {isa = PBXFileReference; explicitFileType = wrapper.application; includeInIndex = 0; path = "Emergency Notifier.app"; sourceTree = BUILT_PRODUCTS_DIR; };
		84E828372859C61000B7CB69 /* Emergency_NotifierApp.swift */ = {isa = PBXFileReference; lastKnownFileType = sourcecode.swift; path = Emergency_NotifierApp.swift; sourceTree = "<group>"; };
		84E8283B2859C61300B7CB69 /* Assets.xcassets */ = {isa = PBXFileReference; lastKnownFileType = folder.assetcatalog; path = Assets.xcassets; sourceTree = "<group>"; };
		84E8283E2859C61300B7CB69 /* Preview Assets.xcassets */ = {isa = PBXFileReference; lastKnownFileType = folder.assetcatalog; path = "Preview Assets.xcassets"; sourceTree = "<group>"; };
		84E828442859C61300B7CB69 /* Emergency NotifierTests.xctest */ = {isa = PBXFileReference; explicitFileType = wrapper.cfbundle; includeInIndex = 0; path = "Emergency NotifierTests.xctest"; sourceTree = BUILT_PRODUCTS_DIR; };
		84E828482859C61300B7CB69 /* Emergency_NotifierTests.swift */ = {isa = PBXFileReference; lastKnownFileType = sourcecode.swift; path = Emergency_NotifierTests.swift; sourceTree = "<group>"; };
		84E8284E2859C61300B7CB69 /* Emergency NotifierUITests.xctest */ = {isa = PBXFileReference; explicitFileType = wrapper.cfbundle; includeInIndex = 0; path = "Emergency NotifierUITests.xctest"; sourceTree = BUILT_PRODUCTS_DIR; };
		84E828522859C61300B7CB69 /* Emergency_NotifierUITests.swift */ = {isa = PBXFileReference; lastKnownFileType = sourcecode.swift; path = Emergency_NotifierUITests.swift; sourceTree = "<group>"; };
		84E828542859C61300B7CB69 /* Emergency_NotifierUITestsLaunchTests.swift */ = {isa = PBXFileReference; lastKnownFileType = sourcecode.swift; path = Emergency_NotifierUITestsLaunchTests.swift; sourceTree = "<group>"; };
/* End PBXFileReference section */

/* Begin PBXFrameworksBuildPhase section */
		84E828312859C61000B7CB69 /* Frameworks */ = {
			isa = PBXFrameworksBuildPhase;
			buildActionMask = 2147483647;
			files = (
				844D5CCF285FA5C5006C7780 /* AuthenticationServices.framework in Frameworks */,
				844D5CCD285FA5B2006C7780 /* MapKit.framework in Frameworks */,
				844D5CDF285FB51E006C7780 /* FirebaseFirestore in Frameworks */,
			);
			runOnlyForDeploymentPostprocessing = 0;
		};
		84E828412859C61300B7CB69 /* Frameworks */ = {
			isa = PBXFrameworksBuildPhase;
			buildActionMask = 2147483647;
			files = (
			);
			runOnlyForDeploymentPostprocessing = 0;
		};
		84E8284B2859C61300B7CB69 /* Frameworks */ = {
			isa = PBXFrameworksBuildPhase;
			buildActionMask = 2147483647;
			files = (
			);
			runOnlyForDeploymentPostprocessing = 0;
		};
/* End PBXFrameworksBuildPhase section */

/* Begin PBXGroup section */
		844D5CCB285FA5B2006C7780 /* Frameworks */ = {
			isa = PBXGroup;
			children = (
				844D5CCE285FA5C5006C7780 /* AuthenticationServices.framework */,
				844D5CCC285FA5B2006C7780 /* MapKit.framework */,
			);
			name = Frameworks;
			sourceTree = "<group>";
		};
		84AD608128651F6F007EC254 /* Front-End */ = {
			isa = PBXGroup;
			children = (
				84AD608228651F6F007EC254 /* Presets.swift */,
				84AD608328651F6F007EC254 /* MVVM Pages */,
				84AD608728651F6F007EC254 /* Pages */,
				84AD608C28651F6F007EC254 /* Login_Page.swift */,
			);
			path = "Front-End";
			sourceTree = "<group>";
		};
		84AD608328651F6F007EC254 /* MVVM Pages */ = {
			isa = PBXGroup;
			children = (
				84AD608428651F6F007EC254 /* Acc_Management.swift */,
				84AD608528651F6F007EC254 /* Emergency.swift */,
				84AD608628651F6F007EC254 /* Account.swift */,
			);
			path = "MVVM Pages";
			sourceTree = "<group>";
		};
		84AD608728651F6F007EC254 /* Pages */ = {
			isa = PBXGroup;
			children = (
				84AD608828651F6F007EC254 /* Supervisor.swift */,
				84AD608928651F6F007EC254 /* FireFighter.swift */,
				84AD608A28651F6F007EC254 /* OperatingManager.swift */,
				84AD608B28651F6F007EC254 /* TeamHead.swift */,
			);
			path = Pages;
			sourceTree = "<group>";
		};
		84E8282B2859C61000B7CB69 = {
			isa = PBXGroup;
			children = (
				84E828362859C61000B7CB69 /* Emergency Notifier */,
				84E828472859C61300B7CB69 /* Emergency NotifierTests */,
				84E828512859C61300B7CB69 /* Emergency NotifierUITests */,
				84E828352859C61000B7CB69 /* Products */,
				844D5CCB285FA5B2006C7780 /* Frameworks */,
			);
			sourceTree = "<group>";
		};
		84E828352859C61000B7CB69 /* Products */ = {
			isa = PBXGroup;
			children = (
				84E828342859C61000B7CB69 /* Emergency Notifier.app */,
				84E828442859C61300B7CB69 /* Emergency NotifierTests.xctest */,
				84E8284E2859C61300B7CB69 /* Emergency NotifierUITests.xctest */,
			);
			name = Products;
			sourceTree = "<group>";
		};
		84E828362859C61000B7CB69 /* Emergency Notifier */ = {
			isa = PBXGroup;
			children = (
				84AD608128651F6F007EC254 /* Front-End */,
				844D5CD0285FA700006C7780 /* GoogleService-Info.plist */,
				844D5CCA285FA5B2006C7780 /* Emergency-Notifier-Info.plist */,
				844D5CC9285FA5A9006C7780 /* Emergency Notifier.entitlements */,
				84E828372859C61000B7CB69 /* Emergency_NotifierApp.swift */,
				84E828622859D0AB00B7CB69 /* Back-End */,
				84E8283B2859C61300B7CB69 /* Assets.xcassets */,
				84E8283D2859C61300B7CB69 /* Preview Content */,
			);
			path = "Emergency Notifier";
			sourceTree = "<group>";
		};
		84E8283D2859C61300B7CB69 /* Preview Content */ = {
			isa = PBXGroup;
			children = (
				84E8283E2859C61300B7CB69 /* Preview Assets.xcassets */,
			);
			path = "Preview Content";
			sourceTree = "<group>";
		};
		84E828472859C61300B7CB69 /* Emergency NotifierTests */ = {
			isa = PBXGroup;
			children = (
				84E828482859C61300B7CB69 /* Emergency_NotifierTests.swift */,
			);
			path = "Emergency NotifierTests";
			sourceTree = "<group>";
		};
		84E828512859C61300B7CB69 /* Emergency NotifierUITests */ = {
			isa = PBXGroup;
			children = (
				84E828522859C61300B7CB69 /* Emergency_NotifierUITests.swift */,
				84E828542859C61300B7CB69 /* Emergency_NotifierUITestsLaunchTests.swift */,
			);
			path = "Emergency NotifierUITests";
			sourceTree = "<group>";
		};
		84E828622859D0AB00B7CB69 /* Back-End */ = {
			isa = PBXGroup;
			children = (
				844D5CC5285FA23D006C7780 /* Functions.swift */,
				844D5CC6285FA23D006C7780 /* Objects.swift */,
			);
			path = "Back-End";
			sourceTree = "<group>";
		};
/* End PBXGroup section */

/* Begin PBXNativeTarget section */
		84E828332859C61000B7CB69 /* Emergency Notifier */ = {
			isa = PBXNativeTarget;
			buildConfigurationList = 84E828582859C61300B7CB69 /* Build configuration list for PBXNativeTarget "Emergency Notifier" */;
			buildPhases = (
				84E828302859C61000B7CB69 /* Sources */,
				84E828312859C61000B7CB69 /* Frameworks */,
				84E828322859C61000B7CB69 /* Resources */,
			);
			buildRules = (
			);
			dependencies = (
			);
			name = "Emergency Notifier";
			packageProductDependencies = (
				844D5CDE285FB51E006C7780 /* FirebaseFirestore */,
			);
			productName = "Emergency Notifier";
			productReference = 84E828342859C61000B7CB69 /* Emergency Notifier.app */;
			productType = "com.apple.product-type.application";
		};
		84E828432859C61300B7CB69 /* Emergency NotifierTests */ = {
			isa = PBXNativeTarget;
			buildConfigurationList = 84E8285B2859C61300B7CB69 /* Build configuration list for PBXNativeTarget "Emergency NotifierTests" */;
			buildPhases = (
				84E828402859C61300B7CB69 /* Sources */,
				84E828412859C61300B7CB69 /* Frameworks */,
				84E828422859C61300B7CB69 /* Resources */,
			);
			buildRules = (
			);
			dependencies = (
				84E828462859C61300B7CB69 /* PBXTargetDependency */,
			);
			name = "Emergency NotifierTests";
			productName = "Emergency NotifierTests";
			productReference = 84E828442859C61300B7CB69 /* Emergency NotifierTests.xctest */;
			productType = "com.apple.product-type.bundle.unit-test";
		};
		84E8284D2859C61300B7CB69 /* Emergency NotifierUITests */ = {
			isa = PBXNativeTarget;
			buildConfigurationList = 84E8285E2859C61300B7CB69 /* Build configuration list for PBXNativeTarget "Emergency NotifierUITests" */;
			buildPhases = (
				84E8284A2859C61300B7CB69 /* Sources */,
				84E8284B2859C61300B7CB69 /* Frameworks */,
				84E8284C2859C61300B7CB69 /* Resources */,
			);
			buildRules = (
			);
			dependencies = (
				84E828502859C61300B7CB69 /* PBXTargetDependency */,
			);
			name = "Emergency NotifierUITests";
			productName = "Emergency NotifierUITests";
			productReference = 84E8284E2859C61300B7CB69 /* Emergency NotifierUITests.xctest */;
			productType = "com.apple.product-type.bundle.ui-testing";
		};
/* End PBXNativeTarget section */

/* Begin PBXProject section */
		84E8282C2859C61000B7CB69 /* Project object */ = {
			isa = PBXProject;
			attributes = {
				BuildIndependentTargetsInParallel = 1;
				LastSwiftUpdateCheck = 1340;
				LastUpgradeCheck = 1340;
				TargetAttributes = {
					84E828332859C61000B7CB69 = {
						CreatedOnToolsVersion = 13.4;
					};
					84E828432859C61300B7CB69 = {
						CreatedOnToolsVersion = 13.4;
						TestTargetID = 84E828332859C61000B7CB69;
					};
					84E8284D2859C61300B7CB69 = {
						CreatedOnToolsVersion = 13.4;
						TestTargetID = 84E828332859C61000B7CB69;
					};
				};
			};
			buildConfigurationList = 84E8282F2859C61000B7CB69 /* Build configuration list for PBXProject "Emergency Notifier" */;
			compatibilityVersion = "Xcode 13.0";
			developmentRegion = en;
			hasScannedForEncodings = 0;
			knownRegions = (
				en,
				Base,
			);
			mainGroup = 84E8282B2859C61000B7CB69;
			packageReferences = (
				844D5CDD285FB51E006C7780 /* XCRemoteSwiftPackageReference "firebase-ios-sdk" */,
			);
			productRefGroup = 84E828352859C61000B7CB69 /* Products */;
			projectDirPath = "";
			projectRoot = "";
			targets = (
				84E828332859C61000B7CB69 /* Emergency Notifier */,
				84E828432859C61300B7CB69 /* Emergency NotifierTests */,
				84E8284D2859C61300B7CB69 /* Emergency NotifierUITests */,
			);
		};
/* End PBXProject section */

/* Begin PBXResourcesBuildPhase section */
		84E828322859C61000B7CB69 /* Resources */ = {
			isa = PBXResourcesBuildPhase;
			buildActionMask = 2147483647;
			files = (
				84E8283F2859C61300B7CB69 /* Preview Assets.xcassets in Resources */,
				84E8283C2859C61300B7CB69 /* Assets.xcassets in Resources */,
				844D5CD1285FA700006C7780 /* GoogleService-Info.plist in Resources */,
			);
			runOnlyForDeploymentPostprocessing = 0;
		};
		84E828422859C61300B7CB69 /* Resources */ = {
			isa = PBXResourcesBuildPhase;
			buildActionMask = 2147483647;
			files = (
			);
			runOnlyForDeploymentPostprocessing = 0;
		};
		84E8284C2859C61300B7CB69 /* Resources */ = {
			isa = PBXResourcesBuildPhase;
			buildActionMask = 2147483647;
			files = (
			);
			runOnlyForDeploymentPostprocessing = 0;
		};
/* End PBXResourcesBuildPhase section */

/* Begin PBXSourcesBuildPhase section */
		84E828302859C61000B7CB69 /* Sources */ = {
			isa = PBXSourcesBuildPhase;
			buildActionMask = 2147483647;
			files = (
				84E828382859C61000B7CB69 /* Emergency_NotifierApp.swift in Sources */,
				84AD608F28651F6F007EC254 /* Emergency.swift in Sources */,
				84AD608E28651F6F007EC254 /* Acc_Management.swift in Sources */,
				84AD609328651F6F007EC254 /* OperatingManager.swift in Sources */,
				84AD609528651F6F007EC254 /* Login_Page.swift in Sources */,
				844D5CC8285FA23D006C7780 /* Objects.swift in Sources */,
				84AD608D28651F6F007EC254 /* Presets.swift in Sources */,
				84AD609128651F6F007EC254 /* Supervisor.swift in Sources */,
				844D5CC7285FA23D006C7780 /* Functions.swift in Sources */,
				84AD609228651F6F007EC254 /* FireFighter.swift in Sources */,
				84AD609428651F6F007EC254 /* TeamHead.swift in Sources */,
				84AD609028651F6F007EC254 /* Account.swift in Sources */,
			);
			runOnlyForDeploymentPostprocessing = 0;
		};
		84E828402859C61300B7CB69 /* Sources */ = {
			isa = PBXSourcesBuildPhase;
			buildActionMask = 2147483647;
			files = (
				84E828492859C61300B7CB69 /* Emergency_NotifierTests.swift in Sources */,
			);
			runOnlyForDeploymentPostprocessing = 0;
		};
		84E8284A2859C61300B7CB69 /* Sources */ = {
			isa = PBXSourcesBuildPhase;
			buildActionMask = 2147483647;
			files = (
				84E828552859C61300B7CB69 /* Emergency_NotifierUITestsLaunchTests.swift in Sources */,
				84E828532859C61300B7CB69 /* Emergency_NotifierUITests.swift in Sources */,
			);
			runOnlyForDeploymentPostprocessing = 0;
		};
/* End PBXSourcesBuildPhase section */

/* Begin PBXTargetDependency section */
		84E828462859C61300B7CB69 /* PBXTargetDependency */ = {
			isa = PBXTargetDependency;
			target = 84E828332859C61000B7CB69 /* Emergency Notifier */;
			targetProxy = 84E828452859C61300B7CB69 /* PBXContainerItemProxy */;
		};
		84E828502859C61300B7CB69 /* PBXTargetDependency */ = {
			isa = PBXTargetDependency;
			target = 84E828332859C61000B7CB69 /* Emergency Notifier */;
			targetProxy = 84E8284F2859C61300B7CB69 /* PBXContainerItemProxy */;
		};
/* End PBXTargetDependency section */

/* Begin XCBuildConfiguration section */
		84E828562859C61300B7CB69 /* Debug */ = {
			isa = XCBuildConfiguration;
			buildSettings = {
				ALWAYS_SEARCH_USER_PATHS = NO;
				CLANG_ANALYZER_NONNULL = YES;
				CLANG_ANALYZER_NUMBER_OBJECT_CONVERSION = YES_AGGRESSIVE;
				CLANG_CXX_LANGUAGE_STANDARD = "gnu++17";
				CLANG_ENABLE_MODULES = YES;
				CLANG_ENABLE_OBJC_ARC = YES;
				CLANG_ENABLE_OBJC_WEAK = YES;
				CLANG_WARN_BLOCK_CAPTURE_AUTORELEASING = YES;
				CLANG_WARN_BOOL_CONVERSION = YES;
				CLANG_WARN_COMMA = YES;
				CLANG_WARN_CONSTANT_CONVERSION = YES;
				CLANG_WARN_DEPRECATED_OBJC_IMPLEMENTATIONS = YES;
				CLANG_WARN_DIRECT_OBJC_ISA_USAGE = YES_ERROR;
				CLANG_WARN_DOCUMENTATION_COMMENTS = YES;
				CLANG_WARN_EMPTY_BODY = YES;
				CLANG_WARN_ENUM_CONVERSION = YES;
				CLANG_WARN_INFINITE_RECURSION = YES;
				CLANG_WARN_INT_CONVERSION = YES;
				CLANG_WARN_NON_LITERAL_NULL_CONVERSION = YES;
				CLANG_WARN_OBJC_IMPLICIT_RETAIN_SELF = YES;
				CLANG_WARN_OBJC_LITERAL_CONVERSION = YES;
				CLANG_WARN_OBJC_ROOT_CLASS = YES_ERROR;
				CLANG_WARN_QUOTED_INCLUDE_IN_FRAMEWORK_HEADER = YES;
				CLANG_WARN_RANGE_LOOP_ANALYSIS = YES;
				CLANG_WARN_STRICT_PROTOTYPES = YES;
				CLANG_WARN_SUSPICIOUS_MOVE = YES;
				CLANG_WARN_UNGUARDED_AVAILABILITY = YES_AGGRESSIVE;
				CLANG_WARN_UNREACHABLE_CODE = YES;
				CLANG_WARN__DUPLICATE_METHOD_MATCH = YES;
				COPY_PHASE_STRIP = NO;
				DEBUG_INFORMATION_FORMAT = dwarf;
				ENABLE_STRICT_OBJC_MSGSEND = YES;
				ENABLE_TESTABILITY = YES;
				GCC_C_LANGUAGE_STANDARD = gnu11;
				GCC_DYNAMIC_NO_PIC = NO;
				GCC_NO_COMMON_BLOCKS = YES;
				GCC_OPTIMIZATION_LEVEL = 0;
				GCC_PREPROCESSOR_DEFINITIONS = (
					"DEBUG=1",
					"$(inherited)",
				);
				GCC_WARN_64_TO_32_BIT_CONVERSION = YES;
				GCC_WARN_ABOUT_RETURN_TYPE = YES_ERROR;
				GCC_WARN_UNDECLARED_SELECTOR = YES;
				GCC_WARN_UNINITIALIZED_AUTOS = YES_AGGRESSIVE;
				GCC_WARN_UNUSED_FUNCTION = YES;
				GCC_WARN_UNUSED_VARIABLE = YES;
				IPHONEOS_DEPLOYMENT_TARGET = 15.5;
				MTL_ENABLE_DEBUG_INFO = INCLUDE_SOURCE;
				MTL_FAST_MATH = YES;
				ONLY_ACTIVE_ARCH = YES;
				SDKROOT = iphoneos;
				SWIFT_ACTIVE_COMPILATION_CONDITIONS = DEBUG;
				SWIFT_OPTIMIZATION_LEVEL = "-Onone";
			};
			name = Debug;
		};
		84E828572859C61300B7CB69 /* Release */ = {
			isa = XCBuildConfiguration;
			buildSettings = {
				ALWAYS_SEARCH_USER_PATHS = NO;
				CLANG_ANALYZER_NONNULL = YES;
				CLANG_ANALYZER_NUMBER_OBJECT_CONVERSION = YES_AGGRESSIVE;
				CLANG_CXX_LANGUAGE_STANDARD = "gnu++17";
				CLANG_ENABLE_MODULES = YES;
				CLANG_ENABLE_OBJC_ARC = YES;
				CLANG_ENABLE_OBJC_WEAK = YES;
				CLANG_WARN_BLOCK_CAPTURE_AUTORELEASING = YES;
				CLANG_WARN_BOOL_CONVERSION = YES;
				CLANG_WARN_COMMA = YES;
				CLANG_WARN_CONSTANT_CONVERSION = YES;
				CLANG_WARN_DEPRECATED_OBJC_IMPLEMENTATIONS = YES;
				CLANG_WARN_DIRECT_OBJC_ISA_USAGE = YES_ERROR;
				CLANG_WARN_DOCUMENTATION_COMMENTS = YES;
				CLANG_WARN_EMPTY_BODY = YES;
				CLANG_WARN_ENUM_CONVERSION = YES;
				CLANG_WARN_INFINITE_RECURSION = YES;
				CLANG_WARN_INT_CONVERSION = YES;
				CLANG_WARN_NON_LITERAL_NULL_CONVERSION = YES;
				CLANG_WARN_OBJC_IMPLICIT_RETAIN_SELF = YES;
				CLANG_WARN_OBJC_LITERAL_CONVERSION = YES;
				CLANG_WARN_OBJC_ROOT_CLASS = YES_ERROR;
				CLANG_WARN_QUOTED_INCLUDE_IN_FRAMEWORK_HEADER = YES;
				CLANG_WARN_RANGE_LOOP_ANALYSIS = YES;
				CLANG_WARN_STRICT_PROTOTYPES = YES;
				CLANG_WARN_SUSPICIOUS_MOVE = YES;
				CLANG_WARN_UNGUARDED_AVAILABILITY = YES_AGGRESSIVE;
				CLANG_WARN_UNREACHABLE_CODE = YES;
				CLANG_WARN__DUPLICATE_METHOD_MATCH = YES;
				COPY_PHASE_STRIP = NO;
				DEBUG_INFORMATION_FORMAT = "dwarf-with-dsym";
				ENABLE_NS_ASSERTIONS = NO;
				ENABLE_STRICT_OBJC_MSGSEND = YES;
				GCC_C_LANGUAGE_STANDARD = gnu11;
				GCC_NO_COMMON_BLOCKS = YES;
				GCC_WARN_64_TO_32_BIT_CONVERSION = YES;
				GCC_WARN_ABOUT_RETURN_TYPE = YES_ERROR;
				GCC_WARN_UNDECLARED_SELECTOR = YES;
				GCC_WARN_UNINITIALIZED_AUTOS = YES_AGGRESSIVE;
				GCC_WARN_UNUSED_FUNCTION = YES;
				GCC_WARN_UNUSED_VARIABLE = YES;
				IPHONEOS_DEPLOYMENT_TARGET = 15.5;
				MTL_ENABLE_DEBUG_INFO = NO;
				MTL_FAST_MATH = YES;
				SDKROOT = iphoneos;
				SWIFT_COMPILATION_MODE = wholemodule;
				SWIFT_OPTIMIZATION_LEVEL = "-O";
				VALIDATE_PRODUCT = YES;
			};
			name = Release;
		};
		84E828592859C61300B7CB69 /* Debug */ = {
			isa = XCBuildConfiguration;
			buildSettings = {
				ASSETCATALOG_COMPILER_APPICON_NAME = AppIcon;
				ASSETCATALOG_COMPILER_GLOBAL_ACCENT_COLOR_NAME = AccentColor;
				CODE_SIGN_ENTITLEMENTS = "Emergency Notifier/Emergency Notifier.entitlements";
				CODE_SIGN_STYLE = Automatic;
				CURRENT_PROJECT_VERSION = 1;
				DEVELOPMENT_ASSET_PATHS = "\"Emergency Notifier/Preview Content\"";
				DEVELOPMENT_TEAM = JJ82Q457Z9;
				ENABLE_PREVIEWS = YES;
				GENERATE_INFOPLIST_FILE = YES;
				INFOPLIST_FILE = "Emergency-Notifier-Info.plist";
				INFOPLIST_KEY_UIApplicationSceneManifest_Generation = YES;
				INFOPLIST_KEY_UIApplicationSupportsIndirectInputEvents = YES;
				INFOPLIST_KEY_UILaunchScreen_Generation = YES;
				INFOPLIST_KEY_UISupportedInterfaceOrientations_iPad = "UIInterfaceOrientationPortrait UIInterfaceOrientationPortraitUpsideDown UIInterfaceOrientationLandscapeLeft UIInterfaceOrientationLandscapeRight";
				INFOPLIST_KEY_UISupportedInterfaceOrientations_iPhone = "UIInterfaceOrientationPortrait UIInterfaceOrientationLandscapeLeft UIInterfaceOrientationLandscapeRight";
				LD_RUNPATH_SEARCH_PATHS = (
					"$(inherited)",
					"@executable_path/Frameworks",
				);
				MARKETING_VERSION = 1.0;
				PRODUCT_BUNDLE_IDENTIFIER = "com.Avalanche.Emergency-Notifier";
				PRODUCT_NAME = "$(TARGET_NAME)";
				SWIFT_EMIT_LOC_STRINGS = YES;
				SWIFT_VERSION = 5.0;
				TARGETED_DEVICE_FAMILY = "1,2";
			};
			name = Debug;
		};
		84E8285A2859C61300B7CB69 /* Release */ = {
			isa = XCBuildConfiguration;
			buildSettings = {
				ASSETCATALOG_COMPILER_APPICON_NAME = AppIcon;
				ASSETCATALOG_COMPILER_GLOBAL_ACCENT_COLOR_NAME = AccentColor;
				CODE_SIGN_ENTITLEMENTS = "Emergency Notifier/Emergency Notifier.entitlements";
				CODE_SIGN_STYLE = Automatic;
				CURRENT_PROJECT_VERSION = 1;
				DEVELOPMENT_ASSET_PATHS = "\"Emergency Notifier/Preview Content\"";
				DEVELOPMENT_TEAM = JJ82Q457Z9;
				ENABLE_PREVIEWS = YES;
				GENERATE_INFOPLIST_FILE = YES;
				INFOPLIST_FILE = "Emergency-Notifier-Info.plist";
				INFOPLIST_KEY_UIApplicationSceneManifest_Generation = YES;
				INFOPLIST_KEY_UIApplicationSupportsIndirectInputEvents = YES;
				INFOPLIST_KEY_UILaunchScreen_Generation = YES;
				INFOPLIST_KEY_UISupportedInterfaceOrientations_iPad = "UIInterfaceOrientationPortrait UIInterfaceOrientationPortraitUpsideDown UIInterfaceOrientationLandscapeLeft UIInterfaceOrientationLandscapeRight";
				INFOPLIST_KEY_UISupportedInterfaceOrientations_iPhone = "UIInterfaceOrientationPortrait UIInterfaceOrientationLandscapeLeft UIInterfaceOrientationLandscapeRight";
				LD_RUNPATH_SEARCH_PATHS = (
					"$(inherited)",
					"@executable_path/Frameworks",
				);
				MARKETING_VERSION = 1.0;
				PRODUCT_BUNDLE_IDENTIFIER = "com.Avalanche.Emergency-Notifier";
				PRODUCT_NAME = "$(TARGET_NAME)";
				SWIFT_EMIT_LOC_STRINGS = YES;
				SWIFT_VERSION = 5.0;
				TARGETED_DEVICE_FAMILY = "1,2";
			};
			name = Release;
		};
		84E8285C2859C61300B7CB69 /* Debug */ = {
			isa = XCBuildConfiguration;
			buildSettings = {
				ALWAYS_EMBED_SWIFT_STANDARD_LIBRARIES = YES;
				BUNDLE_LOADER = "$(TEST_HOST)";
				CODE_SIGN_STYLE = Automatic;
				CURRENT_PROJECT_VERSION = 1;
				GENERATE_INFOPLIST_FILE = YES;
				IPHONEOS_DEPLOYMENT_TARGET = 15.5;
				MARKETING_VERSION = 1.0;
				PRODUCT_BUNDLE_IDENTIFIER = "com.Avalanche.Emergency-NotifierTests";
				PRODUCT_NAME = "$(TARGET_NAME)";
				SWIFT_EMIT_LOC_STRINGS = NO;
				SWIFT_VERSION = 5.0;
				TARGETED_DEVICE_FAMILY = "1,2";
				TEST_HOST = "$(BUILT_PRODUCTS_DIR)/Emergency Notifier.app/Emergency Notifier";
			};
			name = Debug;
		};
		84E8285D2859C61300B7CB69 /* Release */ = {
			isa = XCBuildConfiguration;
			buildSettings = {
				ALWAYS_EMBED_SWIFT_STANDARD_LIBRARIES = YES;
				BUNDLE_LOADER = "$(TEST_HOST)";
				CODE_SIGN_STYLE = Automatic;
				CURRENT_PROJECT_VERSION = 1;
				GENERATE_INFOPLIST_FILE = YES;
				IPHONEOS_DEPLOYMENT_TARGET = 15.5;
				MARKETING_VERSION = 1.0;
				PRODUCT_BUNDLE_IDENTIFIER = "com.Avalanche.Emergency-NotifierTests";
				PRODUCT_NAME = "$(TARGET_NAME)";
				SWIFT_EMIT_LOC_STRINGS = NO;
				SWIFT_VERSION = 5.0;
				TARGETED_DEVICE_FAMILY = "1,2";
				TEST_HOST = "$(BUILT_PRODUCTS_DIR)/Emergency Notifier.app/Emergency Notifier";
			};
			name = Release;
		};
		84E8285F2859C61300B7CB69 /* Debug */ = {
			isa = XCBuildConfiguration;
			buildSettings = {
				ALWAYS_EMBED_SWIFT_STANDARD_LIBRARIES = YES;
				CODE_SIGN_STYLE = Automatic;
				CURRENT_PROJECT_VERSION = 1;
				GENERATE_INFOPLIST_FILE = YES;
				MARKETING_VERSION = 1.0;
				PRODUCT_BUNDLE_IDENTIFIER = "com.Avalanche.Emergency-NotifierUITests";
				PRODUCT_NAME = "$(TARGET_NAME)";
				SWIFT_EMIT_LOC_STRINGS = NO;
				SWIFT_VERSION = 5.0;
				TARGETED_DEVICE_FAMILY = "1,2";
				TEST_TARGET_NAME = "Emergency Notifier";
			};
			name = Debug;
		};
		84E828602859C61300B7CB69 /* Release */ = {
			isa = XCBuildConfiguration;
			buildSettings = {
				ALWAYS_EMBED_SWIFT_STANDARD_LIBRARIES = YES;
				CODE_SIGN_STYLE = Automatic;
				CURRENT_PROJECT_VERSION = 1;
				GENERATE_INFOPLIST_FILE = YES;
				MARKETING_VERSION = 1.0;
				PRODUCT_BUNDLE_IDENTIFIER = "com.Avalanche.Emergency-NotifierUITests";
				PRODUCT_NAME = "$(TARGET_NAME)";
				SWIFT_EMIT_LOC_STRINGS = NO;
				SWIFT_VERSION = 5.0;
				TARGETED_DEVICE_FAMILY = "1,2";
				TEST_TARGET_NAME = "Emergency Notifier";
			};
			name = Release;
		};
/* End XCBuildConfiguration section */

/* Begin XCConfigurationList section */
		84E8282F2859C61000B7CB69 /* Build configuration list for PBXProject "Emergency Notifier" */ = {
			isa = XCConfigurationList;
			buildConfigurations = (
				84E828562859C61300B7CB69 /* Debug */,
				84E828572859C61300B7CB69 /* Release */,
			);
			defaultConfigurationIsVisible = 0;
			defaultConfigurationName = Release;
		};
		84E828582859C61300B7CB69 /* Build configuration list for PBXNativeTarget "Emergency Notifier" */ = {
			isa = XCConfigurationList;
			buildConfigurations = (
				84E828592859C61300B7CB69 /* Debug */,
				84E8285A2859C61300B7CB69 /* Release */,
			);
			defaultConfigurationIsVisible = 0;
			defaultConfigurationName = Release;
		};
		84E8285B2859C61300B7CB69 /* Build configuration list for PBXNativeTarget "Emergency NotifierTests" */ = {
			isa = XCConfigurationList;
			buildConfigurations = (
				84E8285C2859C61300B7CB69 /* Debug */,
				84E8285D2859C61300B7CB69 /* Release */,
			);
			defaultConfigurationIsVisible = 0;
			defaultConfigurationName = Release;
		};
		84E8285E2859C61300B7CB69 /* Build configuration list for PBXNativeTarget "Emergency NotifierUITests" */ = {
			isa = XCConfigurationList;
			buildConfigurations = (
				84E8285F2859C61300B7CB69 /* Debug */,
				84E828602859C61300B7CB69 /* Release */,
			);
			defaultConfigurationIsVisible = 0;
			defaultConfigurationName = Release;
		};
/* End XCConfigurationList section */

/* Begin XCRemoteSwiftPackageReference section */
		844D5CDD285FB51E006C7780 /* XCRemoteSwiftPackageReference "firebase-ios-sdk" */ = {
			isa = XCRemoteSwiftPackageReference;
			repositoryURL = "https://github.com/firebase/firebase-ios-sdk";
			requirement = {
				branch = master;
				kind = branch;
			};
		};
/* End XCRemoteSwiftPackageReference section */

/* Begin XCSwiftPackageProductDependency section */
		844D5CDE285FB51E006C7780 /* FirebaseFirestore */ = {
			isa = XCSwiftPackageProductDependency;
			package = 844D5CDD285FB51E006C7780 /* XCRemoteSwiftPackageReference "firebase-ios-sdk" */;
			productName = FirebaseFirestore;
		};
/* End XCSwiftPackageProductDependency section */
	};
	rootObject = 84E8282C2859C61000B7CB69 /* Project object */;
}
