// !$*UTF8*$!
{
	archiveVersion = 1;
	classes = {
	};
	objectVersion = 55;
	objects = {

/* Begin PBXBuildFile section */
		841BE16927804C9400A1BC56 /* Leader Menu.swift in Sources */ = {isa = PBXBuildFile; fileRef = 841BE16827804C9400A1BC56 /* Leader Menu.swift */; };
		841BE16B27804CB900A1BC56 /* Employee Menu.swift in Sources */ = {isa = PBXBuildFile; fileRef = 841BE16A27804CB900A1BC56 /* Employee Menu.swift */; };
		841BE16D27805D9100A1BC56 /* Side Menu.swift in Sources */ = {isa = PBXBuildFile; fileRef = 841BE16C27805D9100A1BC56 /* Side Menu.swift */; };
		841BE16F2780624E00A1BC56 /* Settings Page.swift in Sources */ = {isa = PBXBuildFile; fileRef = 841BE16E2780624E00A1BC56 /* Settings Page.swift */; };
		8425D77D2780CBAF00B86C57 /* Admin Menu.swift in Sources */ = {isa = PBXBuildFile; fileRef = 8425D77C2780CBAF00B86C57 /* Admin Menu.swift */; };
		8425D77F2781C91500B86C57 /* Create Emergency.swift in Sources */ = {isa = PBXBuildFile; fileRef = 8425D77E2781C91500B86C57 /* Create Emergency.swift */; };
		8425D7812781CA3400B86C57 /* Main Page.swift in Sources */ = {isa = PBXBuildFile; fileRef = 8425D7802781CA3400B86C57 /* Main Page.swift */; };
		842CFFC3276E49790003950E /* Emergency_NotifierApp.swift in Sources */ = {isa = PBXBuildFile; fileRef = 842CFFC2276E49790003950E /* Emergency_NotifierApp.swift */; };
		842CFFC5276E49790003950E /* ContentView.swift in Sources */ = {isa = PBXBuildFile; fileRef = 842CFFC4276E49790003950E /* ContentView.swift */; };
		842CFFC7276E497A0003950E /* Assets.xcassets in Resources */ = {isa = PBXBuildFile; fileRef = 842CFFC6276E497A0003950E /* Assets.xcassets */; };
		842CFFCA276E497A0003950E /* Preview Assets.xcassets in Resources */ = {isa = PBXBuildFile; fileRef = 842CFFC9276E497A0003950E /* Preview Assets.xcassets */; };
		842CFFD4276E497A0003950E /* Emergency_NotifierTests.swift in Sources */ = {isa = PBXBuildFile; fileRef = 842CFFD3276E497A0003950E /* Emergency_NotifierTests.swift */; };
		842CFFDE276E497A0003950E /* Emergency_NotifierUITests.swift in Sources */ = {isa = PBXBuildFile; fileRef = 842CFFDD276E497A0003950E /* Emergency_NotifierUITests.swift */; };
		842CFFE0276E497A0003950E /* Emergency_NotifierUITestsLaunchTests.swift in Sources */ = {isa = PBXBuildFile; fileRef = 842CFFDF276E497A0003950E /* Emergency_NotifierUITestsLaunchTests.swift */; };
/* End PBXBuildFile section */

/* Begin PBXContainerItemProxy section */
		842CFFD0276E497A0003950E /* PBXContainerItemProxy */ = {
			isa = PBXContainerItemProxy;
			containerPortal = 842CFFB7276E49790003950E /* Project object */;
			proxyType = 1;
			remoteGlobalIDString = 842CFFBE276E49790003950E;
			remoteInfo = "Emergency Notifier";
		};
		842CFFDA276E497A0003950E /* PBXContainerItemProxy */ = {
			isa = PBXContainerItemProxy;
			containerPortal = 842CFFB7276E49790003950E /* Project object */;
			proxyType = 1;
			remoteGlobalIDString = 842CFFBE276E49790003950E;
			remoteInfo = "Emergency Notifier";
		};
/* End PBXContainerItemProxy section */

/* Begin PBXFileReference section */
		841BE16827804C9400A1BC56 /* Leader Menu.swift */ = {isa = PBXFileReference; fileEncoding = 4; lastKnownFileType = sourcecode.swift; path = "Leader Menu.swift"; sourceTree = "<group>"; };
		841BE16A27804CB900A1BC56 /* Employee Menu.swift */ = {isa = PBXFileReference; lastKnownFileType = sourcecode.swift; path = "Employee Menu.swift"; sourceTree = "<group>"; };
		841BE16C27805D9100A1BC56 /* Side Menu.swift */ = {isa = PBXFileReference; lastKnownFileType = sourcecode.swift; path = "Side Menu.swift"; sourceTree = "<group>"; };
		841BE16E2780624E00A1BC56 /* Settings Page.swift */ = {isa = PBXFileReference; lastKnownFileType = sourcecode.swift; path = "Settings Page.swift"; sourceTree = "<group>"; };
		8425D77C2780CBAF00B86C57 /* Admin Menu.swift */ = {isa = PBXFileReference; lastKnownFileType = sourcecode.swift; path = "Admin Menu.swift"; sourceTree = "<group>"; };
		8425D77E2781C91500B86C57 /* Create Emergency.swift */ = {isa = PBXFileReference; lastKnownFileType = sourcecode.swift; path = "Create Emergency.swift"; sourceTree = "<group>"; };
		8425D7802781CA3400B86C57 /* Main Page.swift */ = {isa = PBXFileReference; lastKnownFileType = sourcecode.swift; path = "Main Page.swift"; sourceTree = "<group>"; };
		842CFFBF276E49790003950E /* Emergency Notifier.app */ = {isa = PBXFileReference; explicitFileType = wrapper.application; includeInIndex = 0; path = "Emergency Notifier.app"; sourceTree = BUILT_PRODUCTS_DIR; };
		842CFFC2276E49790003950E /* Emergency_NotifierApp.swift */ = {isa = PBXFileReference; lastKnownFileType = sourcecode.swift; path = Emergency_NotifierApp.swift; sourceTree = "<group>"; };
		842CFFC4276E49790003950E /* ContentView.swift */ = {isa = PBXFileReference; lastKnownFileType = sourcecode.swift; path = ContentView.swift; sourceTree = "<group>"; };
		842CFFC6276E497A0003950E /* Assets.xcassets */ = {isa = PBXFileReference; lastKnownFileType = folder.assetcatalog; path = Assets.xcassets; sourceTree = "<group>"; };
		842CFFC9276E497A0003950E /* Preview Assets.xcassets */ = {isa = PBXFileReference; lastKnownFileType = folder.assetcatalog; path = "Preview Assets.xcassets"; sourceTree = "<group>"; };
		842CFFCF276E497A0003950E /* Emergency NotifierTests.xctest */ = {isa = PBXFileReference; explicitFileType = wrapper.cfbundle; includeInIndex = 0; path = "Emergency NotifierTests.xctest"; sourceTree = BUILT_PRODUCTS_DIR; };
		842CFFD3276E497A0003950E /* Emergency_NotifierTests.swift */ = {isa = PBXFileReference; lastKnownFileType = sourcecode.swift; path = Emergency_NotifierTests.swift; sourceTree = "<group>"; };
		842CFFD9276E497A0003950E /* Emergency NotifierUITests.xctest */ = {isa = PBXFileReference; explicitFileType = wrapper.cfbundle; includeInIndex = 0; path = "Emergency NotifierUITests.xctest"; sourceTree = BUILT_PRODUCTS_DIR; };
		842CFFDD276E497A0003950E /* Emergency_NotifierUITests.swift */ = {isa = PBXFileReference; lastKnownFileType = sourcecode.swift; path = Emergency_NotifierUITests.swift; sourceTree = "<group>"; };
		842CFFDF276E497A0003950E /* Emergency_NotifierUITestsLaunchTests.swift */ = {isa = PBXFileReference; lastKnownFileType = sourcecode.swift; path = Emergency_NotifierUITestsLaunchTests.swift; sourceTree = "<group>"; };
/* End PBXFileReference section */

/* Begin PBXFrameworksBuildPhase section */
		842CFFBC276E49790003950E /* Frameworks */ = {
			isa = PBXFrameworksBuildPhase;
			buildActionMask = 2147483647;
			files = (
			);
			runOnlyForDeploymentPostprocessing = 0;
		};
		842CFFCC276E497A0003950E /* Frameworks */ = {
			isa = PBXFrameworksBuildPhase;
			buildActionMask = 2147483647;
			files = (
			);
			runOnlyForDeploymentPostprocessing = 0;
		};
		842CFFD6276E497A0003950E /* Frameworks */ = {
			isa = PBXFrameworksBuildPhase;
			buildActionMask = 2147483647;
			files = (
			);
			runOnlyForDeploymentPostprocessing = 0;
		};
/* End PBXFrameworksBuildPhase section */

/* Begin PBXGroup section */
		842CFFB6276E49790003950E = {
			isa = PBXGroup;
			children = (
				842CFFC1276E49790003950E /* Emergency Notifier */,
				842CFFD2276E497A0003950E /* Emergency NotifierTests */,
				842CFFDC276E497A0003950E /* Emergency NotifierUITests */,
				842CFFC0276E49790003950E /* Products */,
			);
			sourceTree = "<group>";
		};
		842CFFC0276E49790003950E /* Products */ = {
			isa = PBXGroup;
			children = (
				842CFFBF276E49790003950E /* Emergency Notifier.app */,
				842CFFCF276E497A0003950E /* Emergency NotifierTests.xctest */,
				842CFFD9276E497A0003950E /* Emergency NotifierUITests.xctest */,
			);
			name = Products;
			sourceTree = "<group>";
		};
		842CFFC1276E49790003950E /* Emergency Notifier */ = {
			isa = PBXGroup;
			children = (
				8425D77C2780CBAF00B86C57 /* Admin Menu.swift */,
				842CFFC4276E49790003950E /* ContentView.swift */,
				8425D77E2781C91500B86C57 /* Create Emergency.swift */,
				842CFFC2276E49790003950E /* Emergency_NotifierApp.swift */,
				841BE16A27804CB900A1BC56 /* Employee Menu.swift */,
				841BE16827804C9400A1BC56 /* Leader Menu.swift */,
				841BE16E2780624E00A1BC56 /* Settings Page.swift */,
				841BE16C27805D9100A1BC56 /* Side Menu.swift */,
				842CFFC6276E497A0003950E /* Assets.xcassets */,
				842CFFC8276E497A0003950E /* Preview Content */,
				8425D7802781CA3400B86C57 /* Main Page.swift */,
			);
			path = "Emergency Notifier";
			sourceTree = "<group>";
		};
		842CFFC8276E497A0003950E /* Preview Content */ = {
			isa = PBXGroup;
			children = (
				842CFFC9276E497A0003950E /* Preview Assets.xcassets */,
			);
			path = "Preview Content";
			sourceTree = "<group>";
		};
		842CFFD2276E497A0003950E /* Emergency NotifierTests */ = {
			isa = PBXGroup;
			children = (
				842CFFD3276E497A0003950E /* Emergency_NotifierTests.swift */,
			);
			path = "Emergency NotifierTests";
			sourceTree = "<group>";
		};
		842CFFDC276E497A0003950E /* Emergency NotifierUITests */ = {
			isa = PBXGroup;
			children = (
				842CFFDD276E497A0003950E /* Emergency_NotifierUITests.swift */,
				842CFFDF276E497A0003950E /* Emergency_NotifierUITestsLaunchTests.swift */,
			);
			path = "Emergency NotifierUITests";
			sourceTree = "<group>";
		};
/* End PBXGroup section */

/* Begin PBXNativeTarget section */
		842CFFBE276E49790003950E /* Emergency Notifier */ = {
			isa = PBXNativeTarget;
			buildConfigurationList = 842CFFE3276E497A0003950E /* Build configuration list for PBXNativeTarget "Emergency Notifier" */;
			buildPhases = (
				842CFFBB276E49790003950E /* Sources */,
				842CFFBC276E49790003950E /* Frameworks */,
				842CFFBD276E49790003950E /* Resources */,
			);
			buildRules = (
			);
			dependencies = (
			);
			name = "Emergency Notifier";
			productName = "Emergency Notifier";
			productReference = 842CFFBF276E49790003950E /* Emergency Notifier.app */;
			productType = "com.apple.product-type.application";
		};
		842CFFCE276E497A0003950E /* Emergency NotifierTests */ = {
			isa = PBXNativeTarget;
			buildConfigurationList = 842CFFE6276E497A0003950E /* Build configuration list for PBXNativeTarget "Emergency NotifierTests" */;
			buildPhases = (
				842CFFCB276E497A0003950E /* Sources */,
				842CFFCC276E497A0003950E /* Frameworks */,
				842CFFCD276E497A0003950E /* Resources */,
			);
			buildRules = (
			);
			dependencies = (
				842CFFD1276E497A0003950E /* PBXTargetDependency */,
			);
			name = "Emergency NotifierTests";
			productName = "Emergency NotifierTests";
			productReference = 842CFFCF276E497A0003950E /* Emergency NotifierTests.xctest */;
			productType = "com.apple.product-type.bundle.unit-test";
		};
		842CFFD8276E497A0003950E /* Emergency NotifierUITests */ = {
			isa = PBXNativeTarget;
			buildConfigurationList = 842CFFE9276E497A0003950E /* Build configuration list for PBXNativeTarget "Emergency NotifierUITests" */;
			buildPhases = (
				842CFFD5276E497A0003950E /* Sources */,
				842CFFD6276E497A0003950E /* Frameworks */,
				842CFFD7276E497A0003950E /* Resources */,
			);
			buildRules = (
			);
			dependencies = (
				842CFFDB276E497A0003950E /* PBXTargetDependency */,
			);
			name = "Emergency NotifierUITests";
			productName = "Emergency NotifierUITests";
			productReference = 842CFFD9276E497A0003950E /* Emergency NotifierUITests.xctest */;
			productType = "com.apple.product-type.bundle.ui-testing";
		};
/* End PBXNativeTarget section */

/* Begin PBXProject section */
		842CFFB7276E49790003950E /* Project object */ = {
			isa = PBXProject;
			attributes = {
				BuildIndependentTargetsInParallel = 1;
				LastSwiftUpdateCheck = 1310;
				LastUpgradeCheck = 1310;
				TargetAttributes = {
					842CFFBE276E49790003950E = {
						CreatedOnToolsVersion = 13.1;
					};
					842CFFCE276E497A0003950E = {
						CreatedOnToolsVersion = 13.1;
						TestTargetID = 842CFFBE276E49790003950E;
					};
					842CFFD8276E497A0003950E = {
						CreatedOnToolsVersion = 13.1;
						TestTargetID = 842CFFBE276E49790003950E;
					};
				};
			};
			buildConfigurationList = 842CFFBA276E49790003950E /* Build configuration list for PBXProject "Emergency Notifier" */;
			compatibilityVersion = "Xcode 13.0";
			developmentRegion = en;
			hasScannedForEncodings = 0;
			knownRegions = (
				en,
				Base,
			);
			mainGroup = 842CFFB6276E49790003950E;
			productRefGroup = 842CFFC0276E49790003950E /* Products */;
			projectDirPath = "";
			projectRoot = "";
			targets = (
				842CFFBE276E49790003950E /* Emergency Notifier */,
				842CFFCE276E497A0003950E /* Emergency NotifierTests */,
				842CFFD8276E497A0003950E /* Emergency NotifierUITests */,
			);
		};
/* End PBXProject section */

/* Begin PBXResourcesBuildPhase section */
		842CFFBD276E49790003950E /* Resources */ = {
			isa = PBXResourcesBuildPhase;
			buildActionMask = 2147483647;
			files = (
				842CFFCA276E497A0003950E /* Preview Assets.xcassets in Resources */,
				842CFFC7276E497A0003950E /* Assets.xcassets in Resources */,
			);
			runOnlyForDeploymentPostprocessing = 0;
		};
		842CFFCD276E497A0003950E /* Resources */ = {
			isa = PBXResourcesBuildPhase;
			buildActionMask = 2147483647;
			files = (
			);
			runOnlyForDeploymentPostprocessing = 0;
		};
		842CFFD7276E497A0003950E /* Resources */ = {
			isa = PBXResourcesBuildPhase;
			buildActionMask = 2147483647;
			files = (
			);
			runOnlyForDeploymentPostprocessing = 0;
		};
/* End PBXResourcesBuildPhase section */

/* Begin PBXSourcesBuildPhase section */
		842CFFBB276E49790003950E /* Sources */ = {
			isa = PBXSourcesBuildPhase;
			buildActionMask = 2147483647;
			files = (
				842CFFC5276E49790003950E /* ContentView.swift in Sources */,
				842CFFC3276E49790003950E /* Emergency_NotifierApp.swift in Sources */,
				841BE16F2780624E00A1BC56 /* Settings Page.swift in Sources */,
				841BE16D27805D9100A1BC56 /* Side Menu.swift in Sources */,
				8425D77F2781C91500B86C57 /* Create Emergency.swift in Sources */,
				8425D7812781CA3400B86C57 /* Main Page.swift in Sources */,
				841BE16927804C9400A1BC56 /* Leader Menu.swift in Sources */,
				8425D77D2780CBAF00B86C57 /* Admin Menu.swift in Sources */,
				841BE16B27804CB900A1BC56 /* Employee Menu.swift in Sources */,
			);
			runOnlyForDeploymentPostprocessing = 0;
		};
		842CFFCB276E497A0003950E /* Sources */ = {
			isa = PBXSourcesBuildPhase;
			buildActionMask = 2147483647;
			files = (
				842CFFD4276E497A0003950E /* Emergency_NotifierTests.swift in Sources */,
			);
			runOnlyForDeploymentPostprocessing = 0;
		};
		842CFFD5276E497A0003950E /* Sources */ = {
			isa = PBXSourcesBuildPhase;
			buildActionMask = 2147483647;
			files = (
				842CFFE0276E497A0003950E /* Emergency_NotifierUITestsLaunchTests.swift in Sources */,
				842CFFDE276E497A0003950E /* Emergency_NotifierUITests.swift in Sources */,
			);
			runOnlyForDeploymentPostprocessing = 0;
		};
/* End PBXSourcesBuildPhase section */

/* Begin PBXTargetDependency section */
		842CFFD1276E497A0003950E /* PBXTargetDependency */ = {
			isa = PBXTargetDependency;
			target = 842CFFBE276E49790003950E /* Emergency Notifier */;
			targetProxy = 842CFFD0276E497A0003950E /* PBXContainerItemProxy */;
		};
		842CFFDB276E497A0003950E /* PBXTargetDependency */ = {
			isa = PBXTargetDependency;
			target = 842CFFBE276E49790003950E /* Emergency Notifier */;
			targetProxy = 842CFFDA276E497A0003950E /* PBXContainerItemProxy */;
		};
/* End PBXTargetDependency section */

/* Begin XCBuildConfiguration section */
		842CFFE1276E497A0003950E /* Debug */ = {
			isa = XCBuildConfiguration;
			buildSettings = {
				ALWAYS_SEARCH_USER_PATHS = NO;
				CLANG_ANALYZER_NONNULL = YES;
				CLANG_ANALYZER_NUMBER_OBJECT_CONVERSION = YES_AGGRESSIVE;
				CLANG_CXX_LANGUAGE_STANDARD = "gnu++17";
				CLANG_CXX_LIBRARY = "libc++";
				CLANG_ENABLE_MODULES = YES;
				CLANG_ENABLE_OBJC_ARC = YES;
				CLANG_ENABLE_OBJC_WEAK = YES;
				CLANG_WARN_BLOCK_CAPTURE_AUTORELEASING = YES;
				CLANG_WARN_BOOL_CONVERSION = YES;
				CLANG_WARN_COMMA = YES;
				CLANG_WARN_CONSTANT_CONVERSION = YES;
				CLANG_WARN_DEPRECATED_OBJC_IMPLEMENTATIONS = YES;
				CLANG_WARN_DIRECT_OBJC_ISA_USAGE = YES_ERROR;
				CLANG_WARN_DOCUMENTATION_COMMENTS = YES;
				CLANG_WARN_EMPTY_BODY = YES;
				CLANG_WARN_ENUM_CONVERSION = YES;
				CLANG_WARN_INFINITE_RECURSION = YES;
				CLANG_WARN_INT_CONVERSION = YES;
				CLANG_WARN_NON_LITERAL_NULL_CONVERSION = YES;
				CLANG_WARN_OBJC_IMPLICIT_RETAIN_SELF = YES;
				CLANG_WARN_OBJC_LITERAL_CONVERSION = YES;
				CLANG_WARN_OBJC_ROOT_CLASS = YES_ERROR;
				CLANG_WARN_QUOTED_INCLUDE_IN_FRAMEWORK_HEADER = YES;
				CLANG_WARN_RANGE_LOOP_ANALYSIS = YES;
				CLANG_WARN_STRICT_PROTOTYPES = YES;
				CLANG_WARN_SUSPICIOUS_MOVE = YES;
				CLANG_WARN_UNGUARDED_AVAILABILITY = YES_AGGRESSIVE;
				CLANG_WARN_UNREACHABLE_CODE = YES;
				CLANG_WARN__DUPLICATE_METHOD_MATCH = YES;
				COPY_PHASE_STRIP = NO;
				DEBUG_INFORMATION_FORMAT = dwarf;
				ENABLE_STRICT_OBJC_MSGSEND = YES;
				ENABLE_TESTABILITY = YES;
				GCC_C_LANGUAGE_STANDARD = gnu11;
				GCC_DYNAMIC_NO_PIC = NO;
				GCC_NO_COMMON_BLOCKS = YES;
				GCC_OPTIMIZATION_LEVEL = 0;
				GCC_PREPROCESSOR_DEFINITIONS = (
					"DEBUG=1",
					"$(inherited)",
				);
				GCC_WARN_64_TO_32_BIT_CONVERSION = YES;
				GCC_WARN_ABOUT_RETURN_TYPE = YES_ERROR;
				GCC_WARN_UNDECLARED_SELECTOR = YES;
				GCC_WARN_UNINITIALIZED_AUTOS = YES_AGGRESSIVE;
				GCC_WARN_UNUSED_FUNCTION = YES;
				GCC_WARN_UNUSED_VARIABLE = YES;
				IPHONEOS_DEPLOYMENT_TARGET = 15.0;
				MTL_ENABLE_DEBUG_INFO = INCLUDE_SOURCE;
				MTL_FAST_MATH = YES;
				ONLY_ACTIVE_ARCH = YES;
				SDKROOT = iphoneos;
				SWIFT_ACTIVE_COMPILATION_CONDITIONS = DEBUG;
				SWIFT_OPTIMIZATION_LEVEL = "-Onone";
			};
			name = Debug;
		};
		842CFFE2276E497A0003950E /* Release */ = {
			isa = XCBuildConfiguration;
			buildSettings = {
				ALWAYS_SEARCH_USER_PATHS = NO;
				CLANG_ANALYZER_NONNULL = YES;
				CLANG_ANALYZER_NUMBER_OBJECT_CONVERSION = YES_AGGRESSIVE;
				CLANG_CXX_LANGUAGE_STANDARD = "gnu++17";
				CLANG_CXX_LIBRARY = "libc++";
				CLANG_ENABLE_MODULES = YES;
				CLANG_ENABLE_OBJC_ARC = YES;
				CLANG_ENABLE_OBJC_WEAK = YES;
				CLANG_WARN_BLOCK_CAPTURE_AUTORELEASING = YES;
				CLANG_WARN_BOOL_CONVERSION = YES;
				CLANG_WARN_COMMA = YES;
				CLANG_WARN_CONSTANT_CONVERSION = YES;
				CLANG_WARN_DEPRECATED_OBJC_IMPLEMENTATIONS = YES;
				CLANG_WARN_DIRECT_OBJC_ISA_USAGE = YES_ERROR;
				CLANG_WARN_DOCUMENTATION_COMMENTS = YES;
				CLANG_WARN_EMPTY_BODY = YES;
				CLANG_WARN_ENUM_CONVERSION = YES;
				CLANG_WARN_INFINITE_RECURSION = YES;
				CLANG_WARN_INT_CONVERSION = YES;
				CLANG_WARN_NON_LITERAL_NULL_CONVERSION = YES;
				CLANG_WARN_OBJC_IMPLICIT_RETAIN_SELF = YES;
				CLANG_WARN_OBJC_LITERAL_CONVERSION = YES;
				CLANG_WARN_OBJC_ROOT_CLASS = YES_ERROR;
				CLANG_WARN_QUOTED_INCLUDE_IN_FRAMEWORK_HEADER = YES;
				CLANG_WARN_RANGE_LOOP_ANALYSIS = YES;
				CLANG_WARN_STRICT_PROTOTYPES = YES;
				CLANG_WARN_SUSPICIOUS_MOVE = YES;
				CLANG_WARN_UNGUARDED_AVAILABILITY = YES_AGGRESSIVE;
				CLANG_WARN_UNREACHABLE_CODE = YES;
				CLANG_WARN__DUPLICATE_METHOD_MATCH = YES;
				COPY_PHASE_STRIP = NO;
				DEBUG_INFORMATION_FORMAT = "dwarf-with-dsym";
				ENABLE_NS_ASSERTIONS = NO;
				ENABLE_STRICT_OBJC_MSGSEND = YES;
				GCC_C_LANGUAGE_STANDARD = gnu11;
				GCC_NO_COMMON_BLOCKS = YES;
				GCC_WARN_64_TO_32_BIT_CONVERSION = YES;
				GCC_WARN_ABOUT_RETURN_TYPE = YES_ERROR;
				GCC_WARN_UNDECLARED_SELECTOR = YES;
				GCC_WARN_UNINITIALIZED_AUTOS = YES_AGGRESSIVE;
				GCC_WARN_UNUSED_FUNCTION = YES;
				GCC_WARN_UNUSED_VARIABLE = YES;
				IPHONEOS_DEPLOYMENT_TARGET = 15.0;
				MTL_ENABLE_DEBUG_INFO = NO;
				MTL_FAST_MATH = YES;
				SDKROOT = iphoneos;
				SWIFT_COMPILATION_MODE = wholemodule;
				SWIFT_OPTIMIZATION_LEVEL = "-O";
				VALIDATE_PRODUCT = YES;
			};
			name = Release;
		};
		842CFFE4276E497A0003950E /* Debug */ = {
			isa = XCBuildConfiguration;
			buildSettings = {
				ASSETCATALOG_COMPILER_APPICON_NAME = AppIcon;
				ASSETCATALOG_COMPILER_GLOBAL_ACCENT_COLOR_NAME = AccentColor;
				CODE_SIGN_STYLE = Automatic;
				CURRENT_PROJECT_VERSION = 1;
				DEVELOPMENT_ASSET_PATHS = "\"Emergency Notifier/Preview Content\"";
				DEVELOPMENT_TEAM = JJ82Q457Z9;
				ENABLE_PREVIEWS = YES;
				GENERATE_INFOPLIST_FILE = YES;
				INFOPLIST_KEY_UIApplicationSceneManifest_Generation = YES;
				INFOPLIST_KEY_UIApplicationSupportsIndirectInputEvents = YES;
				INFOPLIST_KEY_UILaunchScreen_Generation = YES;
				INFOPLIST_KEY_UISupportedInterfaceOrientations_iPad = "UIInterfaceOrientationPortrait UIInterfaceOrientationPortraitUpsideDown UIInterfaceOrientationLandscapeLeft UIInterfaceOrientationLandscapeRight";
				INFOPLIST_KEY_UISupportedInterfaceOrientations_iPhone = "UIInterfaceOrientationPortrait UIInterfaceOrientationLandscapeLeft UIInterfaceOrientationLandscapeRight";
				LD_RUNPATH_SEARCH_PATHS = (
					"$(inherited)",
					"@executable_path/Frameworks",
				);
				MARKETING_VERSION = 1.0;
				PRODUCT_BUNDLE_IDENTIFIER = "com.Adnan.Emergency-Notifier";
				PRODUCT_NAME = "$(TARGET_NAME)";
				SWIFT_EMIT_LOC_STRINGS = YES;
				SWIFT_VERSION = 5.0;
				TARGETED_DEVICE_FAMILY = "1,2";
			};
			name = Debug;
		};
		842CFFE5276E497A0003950E /* Release */ = {
			isa = XCBuildConfiguration;
			buildSettings = {
				ASSETCATALOG_COMPILER_APPICON_NAME = AppIcon;
				ASSETCATALOG_COMPILER_GLOBAL_ACCENT_COLOR_NAME = AccentColor;
				CODE_SIGN_STYLE = Automatic;
				CURRENT_PROJECT_VERSION = 1;
				DEVELOPMENT_ASSET_PATHS = "\"Emergency Notifier/Preview Content\"";
				DEVELOPMENT_TEAM = JJ82Q457Z9;
				ENABLE_PREVIEWS = YES;
				GENERATE_INFOPLIST_FILE = YES;
				INFOPLIST_KEY_UIApplicationSceneManifest_Generation = YES;
				INFOPLIST_KEY_UIApplicationSupportsIndirectInputEvents = YES;
				INFOPLIST_KEY_UILaunchScreen_Generation = YES;
				INFOPLIST_KEY_UISupportedInterfaceOrientations_iPad = "UIInterfaceOrientationPortrait UIInterfaceOrientationPortraitUpsideDown UIInterfaceOrientationLandscapeLeft UIInterfaceOrientationLandscapeRight";
				INFOPLIST_KEY_UISupportedInterfaceOrientations_iPhone = "UIInterfaceOrientationPortrait UIInterfaceOrientationLandscapeLeft UIInterfaceOrientationLandscapeRight";
				LD_RUNPATH_SEARCH_PATHS = (
					"$(inherited)",
					"@executable_path/Frameworks",
				);
				MARKETING_VERSION = 1.0;
				PRODUCT_BUNDLE_IDENTIFIER = "com.Adnan.Emergency-Notifier";
				PRODUCT_NAME = "$(TARGET_NAME)";
				SWIFT_EMIT_LOC_STRINGS = YES;
				SWIFT_VERSION = 5.0;
				TARGETED_DEVICE_FAMILY = "1,2";
			};
			name = Release;
		};
		842CFFE7276E497A0003950E /* Debug */ = {
			isa = XCBuildConfiguration;
			buildSettings = {
				ALWAYS_EMBED_SWIFT_STANDARD_LIBRARIES = YES;
				BUNDLE_LOADER = "$(TEST_HOST)";
				CODE_SIGN_STYLE = Automatic;
				CURRENT_PROJECT_VERSION = 1;
				DEVELOPMENT_TEAM = JJ82Q457Z9;
				GENERATE_INFOPLIST_FILE = YES;
				IPHONEOS_DEPLOYMENT_TARGET = 15.0;
				LD_RUNPATH_SEARCH_PATHS = (
					"$(inherited)",
					"@executable_path/Frameworks",
					"@loader_path/Frameworks",
				);
				MARKETING_VERSION = 1.0;
				PRODUCT_BUNDLE_IDENTIFIER = "com.Adnan.Emergency-NotifierTests";
				PRODUCT_NAME = "$(TARGET_NAME)";
				SWIFT_EMIT_LOC_STRINGS = NO;
				SWIFT_VERSION = 5.0;
				TARGETED_DEVICE_FAMILY = "1,2";
				TEST_HOST = "$(BUILT_PRODUCTS_DIR)/Emergency Notifier.app/Emergency Notifier";
			};
			name = Debug;
		};
		842CFFE8276E497A0003950E /* Release */ = {
			isa = XCBuildConfiguration;
			buildSettings = {
				ALWAYS_EMBED_SWIFT_STANDARD_LIBRARIES = YES;
				BUNDLE_LOADER = "$(TEST_HOST)";
				CODE_SIGN_STYLE = Automatic;
				CURRENT_PROJECT_VERSION = 1;
				DEVELOPMENT_TEAM = JJ82Q457Z9;
				GENERATE_INFOPLIST_FILE = YES;
				IPHONEOS_DEPLOYMENT_TARGET = 15.0;
				LD_RUNPATH_SEARCH_PATHS = (
					"$(inherited)",
					"@executable_path/Frameworks",
					"@loader_path/Frameworks",
				);
				MARKETING_VERSION = 1.0;
				PRODUCT_BUNDLE_IDENTIFIER = "com.Adnan.Emergency-NotifierTests";
				PRODUCT_NAME = "$(TARGET_NAME)";
				SWIFT_EMIT_LOC_STRINGS = NO;
				SWIFT_VERSION = 5.0;
				TARGETED_DEVICE_FAMILY = "1,2";
				TEST_HOST = "$(BUILT_PRODUCTS_DIR)/Emergency Notifier.app/Emergency Notifier";
			};
			name = Release;
		};
		842CFFEA276E497A0003950E /* Debug */ = {
			isa = XCBuildConfiguration;
			buildSettings = {
				ALWAYS_EMBED_SWIFT_STANDARD_LIBRARIES = YES;
				CODE_SIGN_STYLE = Automatic;
				CURRENT_PROJECT_VERSION = 1;
				DEVELOPMENT_TEAM = JJ82Q457Z9;
				GENERATE_INFOPLIST_FILE = YES;
				LD_RUNPATH_SEARCH_PATHS = (
					"$(inherited)",
					"@executable_path/Frameworks",
					"@loader_path/Frameworks",
				);
				MARKETING_VERSION = 1.0;
				PRODUCT_BUNDLE_IDENTIFIER = "com.Adnan.Emergency-NotifierUITests";
				PRODUCT_NAME = "$(TARGET_NAME)";
				SWIFT_EMIT_LOC_STRINGS = NO;
				SWIFT_VERSION = 5.0;
				TARGETED_DEVICE_FAMILY = "1,2";
				TEST_TARGET_NAME = "Emergency Notifier";
			};
			name = Debug;
		};
		842CFFEB276E497A0003950E /* Release */ = {
			isa = XCBuildConfiguration;
			buildSettings = {
				ALWAYS_EMBED_SWIFT_STANDARD_LIBRARIES = YES;
				CODE_SIGN_STYLE = Automatic;
				CURRENT_PROJECT_VERSION = 1;
				DEVELOPMENT_TEAM = JJ82Q457Z9;
				GENERATE_INFOPLIST_FILE = YES;
				LD_RUNPATH_SEARCH_PATHS = (
					"$(inherited)",
					"@executable_path/Frameworks",
					"@loader_path/Frameworks",
				);
				MARKETING_VERSION = 1.0;
				PRODUCT_BUNDLE_IDENTIFIER = "com.Adnan.Emergency-NotifierUITests";
				PRODUCT_NAME = "$(TARGET_NAME)";
				SWIFT_EMIT_LOC_STRINGS = NO;
				SWIFT_VERSION = 5.0;
				TARGETED_DEVICE_FAMILY = "1,2";
				TEST_TARGET_NAME = "Emergency Notifier";
			};
			name = Release;
		};
/* End XCBuildConfiguration section */

/* Begin XCConfigurationList section */
		842CFFBA276E49790003950E /* Build configuration list for PBXProject "Emergency Notifier" */ = {
			isa = XCConfigurationList;
			buildConfigurations = (
				842CFFE1276E497A0003950E /* Debug */,
				842CFFE2276E497A0003950E /* Release */,
			);
			defaultConfigurationIsVisible = 0;
			defaultConfigurationName = Release;
		};
		842CFFE3276E497A0003950E /* Build configuration list for PBXNativeTarget "Emergency Notifier" */ = {
			isa = XCConfigurationList;
			buildConfigurations = (
				842CFFE4276E497A0003950E /* Debug */,
				842CFFE5276E497A0003950E /* Release */,
			);
			defaultConfigurationIsVisible = 0;
			defaultConfigurationName = Release;
		};
		842CFFE6276E497A0003950E /* Build configuration list for PBXNativeTarget "Emergency NotifierTests" */ = {
			isa = XCConfigurationList;
			buildConfigurations = (
				842CFFE7276E497A0003950E /* Debug */,
				842CFFE8276E497A0003950E /* Release */,
			);
			defaultConfigurationIsVisible = 0;
			defaultConfigurationName = Release;
		};
		842CFFE9276E497A0003950E /* Build configuration list for PBXNativeTarget "Emergency NotifierUITests" */ = {
			isa = XCConfigurationList;
			buildConfigurations = (
				842CFFEA276E497A0003950E /* Debug */,
				842CFFEB276E497A0003950E /* Release */,
			);
			defaultConfigurationIsVisible = 0;
			defaultConfigurationName = Release;
		};
/* End XCConfigurationList section */
	};
	rootObject = 842CFFB7276E49790003950E /* Project object */;
}
